// !$*UTF8*$!
{
	archiveVersion = 1;
	classes = {
	};
	objectVersion = 77;
	objects = {

/* Begin PBXBuildFile section */
		02F3021A9E754B31B1045491 /* TripDistanceCalculator.swift in Sources */ = {isa = PBXBuildFile; fileRef = C8D1EC5DBB4D9C24119D8198 /* TripDistanceCalculator.swift */; };
		08714C8E933A91DCE103039F /* DatabaseAutoCleanupServiceTests.swift in Sources */ = {isa = PBXBuildFile; fileRef = C64D11D565BAB23BAB2B0369 /* DatabaseAutoCleanupServiceTests.swift */; };
		0A542EF08033B8D6DE17801A /* HomeRegistrationTests.swift in Sources */ = {isa = PBXBuildFile; fileRef = 7D2F4B30888C2F27659D0077 /* HomeRegistrationTests.swift */; };
		19EADD4A080D05C952B14949 /* HistoryDetailView.swift in Sources */ = {isa = PBXBuildFile; fileRef = 91BDB0748DBEDA85099441C1 /* HistoryDetailView.swift */; };
		1A28E9FE263E40E979B1C2DF /* StayDetector.swift in Sources */ = {isa = PBXBuildFile; fileRef = 9CFBBBCC65BC1A7E54445466 /* StayDetector.swift */; };
		1B94FA1D9214F95B33731823 /* CSVExportDocumentTests.swift in Sources */ = {isa = PBXBuildFile; fileRef = 742A6F4CBB2E6A365A2BE85F /* CSVExportDocumentTests.swift */; };
		1BC7AEDDDD1189E87EEAE6AC /* CalendarEventCreationTests.swift in Sources */ = {isa = PBXBuildFile; fileRef = 40A74F94B451AE4BD207C26F /* CalendarEventCreationTests.swift */; };
		1F25F0027A20912E96334367 /* QASprint1AdditionalTests.swift in Sources */ = {isa = PBXBuildFile; fileRef = 51FF00C6BDAA0F59B0555A37 /* QASprint1AdditionalTests.swift */; };
		232E665630652985E70CE788 /* Assets.xcassets in Resources */ = {isa = PBXBuildFile; fileRef = 3193D4B8A02F13BF3F5D299C /* Assets.xcassets */; };
		2A327260972B87620CB2944C /* StayDetectorTests.swift in Sources */ = {isa = PBXBuildFile; fileRef = 92C5F95F252B8D8D514304D2 /* StayDetectorTests.swift */; };
		2B9DC0DA23D447336A7B6557 /* CloudStorageProvider.swift in Sources */ = {isa = PBXBuildFile; fileRef = 4687368FA960C567C58DDCA9 /* CloudStorageProvider.swift */; };
		2E4073CA209AB82F8A2DC6B4 /* GoogleMapsConfiguration.swift in Sources */ = {isa = PBXBuildFile; fileRef = AADCC82AF4B4B0595463F512 /* GoogleMapsConfiguration.swift */; };
		310A9FC684206018CD088AFC /* RootView.swift in Sources */ = {isa = PBXBuildFile; fileRef = EB3F65917DC8E542E0510F6E /* RootView.swift */; };
		32F3026C3BE5428958F6CADF /* AppSettings.swift in Sources */ = {isa = PBXBuildFile; fileRef = BBC544193EF55BDEDE9C0D57 /* AppSettings.swift */; };
		364240BE553E6F3C9AB9DF74 /* CloudStoragePickerView.swift in Sources */ = {isa = PBXBuildFile; fileRef = FE71CA5F6AF0859C8D12A41D /* CloudStoragePickerView.swift */; };
		399F5B44F7E5C0D6B7A54E6A /* PlaceLookupService.swift in Sources */ = {isa = PBXBuildFile; fileRef = B37FB6243B593D1536828AB0 /* PlaceLookupService.swift */; };
		3A23BCAABAE933AAD3A2BBA7 /* HomeDetectorTests.swift in Sources */ = {isa = PBXBuildFile; fileRef = 8B3F1ED182E80F8F3EB52399 /* HomeDetectorTests.swift */; };
		3FDC7AC4EBE200A29D7FA4A2 /* CalendarPickerView.swift in Sources */ = {isa = PBXBuildFile; fileRef = 8B25A5CBD33C6E06195D0C35 /* CalendarPickerView.swift */; };
		49931F06FBA12AEE1EE70CCA /* PersistenceControllerTests.swift in Sources */ = {isa = PBXBuildFile; fileRef = EE73BF20583E5707BD2ADE5D /* PersistenceControllerTests.swift */; };
		4E83C83B29CF121E2B1181B1 /* PendingUpload.swift in Sources */ = {isa = PBXBuildFile; fileRef = 5697116473933AB9EF54B85B /* PendingUpload.swift */; };
		577D6B9171C8E2221D78413B /* DocumentPickerViewTests.swift in Sources */ = {isa = PBXBuildFile; fileRef = 49E44A28BD4137F6F5F2633C /* DocumentPickerViewTests.swift */; };
		58617E7F6825AECDDCA2F4A4 /* AppDependencyContainer.swift in Sources */ = {isa = PBXBuildFile; fileRef = 3CF570EBE1E9ADC5B9403644 /* AppDependencyContainer.swift */; };
		58D9707440808935F7D70087 /* HomeRegistrationView.swift in Sources */ = {isa = PBXBuildFile; fileRef = BD44FC296B085998F507FFCF /* HomeRegistrationView.swift */; };
		61BD1C28023B04335BC0E5DC /* ExportView.swift in Sources */ = {isa = PBXBuildFile; fileRef = E89388920445382DC577EA62 /* ExportView.swift */; };
		6AA72AAFEC8EA068AB09B114 /* CSVExportDocument.swift in Sources */ = {isa = PBXBuildFile; fileRef = 3C12B045AB46802FCE01A468 /* CSVExportDocument.swift */; };
		7159A8566F7036066C98F9A9 /* CalendarSyncService.swift in Sources */ = {isa = PBXBuildFile; fileRef = 49CC275E125BDF6C7242CB9D /* CalendarSyncService.swift */; };
		734CA4250B5B63D71A8969EA /* ExportViewTests.swift in Sources */ = {isa = PBXBuildFile; fileRef = 5FD029C50DCD5065DEDA58B3 /* ExportViewTests.swift */; };
		784CDF377C467CBB581037FF /* PinRecord.swift in Sources */ = {isa = PBXBuildFile; fileRef = C636BD1ED2E9F23F1A4EA689 /* PinRecord.swift */; };
		7E86FEF538D2041BBEC73EB2 /* LocationServiceTests.swift in Sources */ = {isa = PBXBuildFile; fileRef = A02103CF9D745DFC5CDA6FF4 /* LocationServiceTests.swift */; };
		815840A6B17A8F34BC86D7F3 /* LocationService.swift in Sources */ = {isa = PBXBuildFile; fileRef = 2E955F6ED4C6E26D78094677 /* LocationService.swift */; };
		8275A3D023B2B4B26330343D /* CalendarSyncSettingsTests.swift in Sources */ = {isa = PBXBuildFile; fileRef = 2B37EF743063CED245F62C04 /* CalendarSyncSettingsTests.swift */; };
		836A082EC5A456F11E4A9C1F /* AppSettingsTests.swift in Sources */ = {isa = PBXBuildFile; fileRef = 78BCCAAEEE3DA047BCFF0FBA /* AppSettingsTests.swift */; };
		84AEC36BBA7B194B79EDB1D2 /* CloudUploadRetryQueueTests.swift in Sources */ = {isa = PBXBuildFile; fileRef = B6F9C5BAF5ABA55BD7565C6B /* CloudUploadRetryQueueTests.swift */; };
		8681D5490C0C37A5F33A617B /* GPSLoggerApp.swift in Sources */ = {isa = PBXBuildFile; fileRef = C9BE4D07634ED63174E4C624 /* GPSLoggerApp.swift */; };
		8785924DDCF929C7A8383E07 /* DocumentPickerView.swift in Sources */ = {isa = PBXBuildFile; fileRef = 79DD5C1B6C6D40D970752F6B /* DocumentPickerView.swift */; };
		8BD0DD04858D53DE773F496D /* CSVExportServiceTests.swift in Sources */ = {isa = PBXBuildFile; fileRef = 16A1134B1C074A546C47F371 /* CSVExportServiceTests.swift */; };
		8CE573EDE96ABE3C6657D255 /* GoogleDriveOAuth-Info.plist.example in Resources */ = {isa = PBXBuildFile; fileRef = 65B5FC56A34F6DA25ACB0E13 /* GoogleDriveOAuth-Info.plist.example */; };
		8D11C36DF24045BC25978350 /* CalendarSyncServiceTests.swift in Sources */ = {isa = PBXBuildFile; fileRef = 89FED55A72166C6B0DF1E8C0 /* CalendarSyncServiceTests.swift */; };
		8E691B87FFCD22FA8FEB8636 /* TripRepository.swift in Sources */ = {isa = PBXBuildFile; fileRef = 6CCF1D511C77C674A48D2EA3 /* TripRepository.swift */; };
		8FEA8A98433FD285EFA9A860 /* RecordingToggleButton.swift in Sources */ = {isa = PBXBuildFile; fileRef = 46F0CA2E57DB8C75382AACBA /* RecordingToggleButton.swift */; };
		916D1E6AA28EB92AD6FA4E90 /* CSVExportService.swift in Sources */ = {isa = PBXBuildFile; fileRef = 6F59FE8A80FDBCF7E82B6B08 /* CSVExportService.swift */; };
		96A84FD4A50A6D95BC766F51 /* TripRepositoryTests.swift in Sources */ = {isa = PBXBuildFile; fileRef = FDD88D7D67EA5911278089DD /* TripRepositoryTests.swift */; };
		9880F114F947B2EBBBE6203D /* PersistenceController.swift in Sources */ = {isa = PBXBuildFile; fileRef = D04A663F9874E0FC5CCA2229 /* PersistenceController.swift */; };
		9E0FCAE07D3493E4BFFA4A45 /* CloudUploadCoordinator.swift in Sources */ = {isa = PBXBuildFile; fileRef = A20450C6BAD2D86CCDBD9F05 /* CloudUploadCoordinator.swift */; };
		A066B652F4BC498CAFE0C87F /* CloudUploadCoordinatorTests.swift in Sources */ = {isa = PBXBuildFile; fileRef = BBA1500FED5E52CD71916C89 /* CloudUploadCoordinatorTests.swift */; };
		A0D7447680AD23A9041981EE /* HomeLocation.swift in Sources */ = {isa = PBXBuildFile; fileRef = C23DFC5375D70DE8974871A5 /* HomeLocation.swift */; };
		AE27F46968F6EC770DE7756B /* GoogleMaps-Info.plist in Resources */ = {isa = PBXBuildFile; fileRef = DA59AB0967DD6D2E49DDEA67 /* GoogleMaps-Info.plist */; };
		AF70A7A59D5720314956BCDB /* TripRecord.swift in Sources */ = {isa = PBXBuildFile; fileRef = 38CEB4C730011080C237426F /* TripRecord.swift */; };
		B769653B0FAD1396C8DD6411 /* MapView.swift in Sources */ = {isa = PBXBuildFile; fileRef = 0771CC5514403FBA9445A68C /* MapView.swift */; };
		B983DFFD631D97620C4A086F /* TripDistanceCalculatorTests.swift in Sources */ = {isa = PBXBuildFile; fileRef = A263C19BA0FB785A739BE97D /* TripDistanceCalculatorTests.swift */; };
		BB708118D2A2426E0F490270 /* SignificantLocationChangesTests.swift in Sources */ = {isa = PBXBuildFile; fileRef = 0A6881F93CC5593380C7592D /* SignificantLocationChangesTests.swift */; };
		BB910DECFFA5FD364C6C0048 /* HomeDetector.swift in Sources */ = {isa = PBXBuildFile; fileRef = 23537070EBFE68FB77904B34 /* HomeDetector.swift */; };
		BC8364AD3E29A573A29086A7 /* TripRestoreTests.swift in Sources */ = {isa = PBXBuildFile; fileRef = 975470EA32C831B3AC3AC8F2 /* TripRestoreTests.swift */; };
		BE25912257AE2CF0AB1CAB1B /* HistoryListView.swift in Sources */ = {isa = PBXBuildFile; fileRef = 3FC8CD2F54F4FE8714ABE361 /* HistoryListView.swift */; };
		BF1290E2CF72E4E883738572 /* CloudStoragePickerViewTests.swift in Sources */ = {isa = PBXBuildFile; fileRef = 41DC54EF575CD247E3602D4B /* CloudStoragePickerViewTests.swift */; };
		C31C0D5EA2F6242A5B33FB6C /* MapViewModel.swift in Sources */ = {isa = PBXBuildFile; fileRef = B469DE98253C140644E24C89 /* MapViewModel.swift */; };
		C830F8651EE713969884D173 /* CloudStorageSyncSettingsTests.swift in Sources */ = {isa = PBXBuildFile; fileRef = CC2ED719F5EC694C0042B9DA /* CloudStorageSyncSettingsTests.swift */; };
		C862872A4FC5D2544D8D2326 /* GPSLoggerTests.swift in Sources */ = {isa = PBXBuildFile; fileRef = BF22B0296FC8C77D3D3DACF4 /* GPSLoggerTests.swift */; };
		D22725577D9F0817C606AF21 /* DatabaseAutoCleanupService.swift in Sources */ = {isa = PBXBuildFile; fileRef = 0CB8846995B729EDA0F0DB5F /* DatabaseAutoCleanupService.swift */; };
		D5297EEC0C7DDB2EC872298C /* CloudUploadRetryQueue.swift in Sources */ = {isa = PBXBuildFile; fileRef = AC52EBDDC16E791A59801574 /* CloudUploadRetryQueue.swift */; };
		D9C8CB26ADEAA73BF9E2F253 /* RoutePoint.swift in Sources */ = {isa = PBXBuildFile; fileRef = 89566F273738C6565096CEC1 /* RoutePoint.swift */; };
		DD761802C2D5F898D463A9F6 /* PinRecordTests.swift in Sources */ = {isa = PBXBuildFile; fileRef = DBFA4B356B1486854378D8D6 /* PinRecordTests.swift */; };
		E2D87646EFED4E373E53E2FD /* GoogleDriveSyncService.swift in Sources */ = {isa = PBXBuildFile; fileRef = 7F750F9ACD94DC3F5E406A01 /* GoogleDriveSyncService.swift */; };
		ECBE75A04C2ED9EF2C3B3303 /* RootViewIntegrationTests.swift in Sources */ = {isa = PBXBuildFile; fileRef = 471A3702C5EEEC77277A596E /* RootViewIntegrationTests.swift */; };
		ED033B0D7D5002820F01D032 /* PlaceLookupServiceTests.swift in Sources */ = {isa = PBXBuildFile; fileRef = 757590CA185C352FBE4BF43F /* PlaceLookupServiceTests.swift */; };
		EE2A19120BD717FF5C324D56 /* GoogleMaps in Frameworks */ = {isa = PBXBuildFile; productRef = 1E9DA276A4AFB7648716131D /* GoogleMaps */; };
		EFEB1E11D591FF76F47CA633 /* SettingsView.swift in Sources */ = {isa = PBXBuildFile; fileRef = 26C1672AD957E9B012EADDFE /* SettingsView.swift */; };
		F54222DBF285B9B10F8DA7A3 /* GoogleDriveSyncServiceTests.swift in Sources */ = {isa = PBXBuildFile; fileRef = 0511C88FB507086BEA379EC6 /* GoogleDriveSyncServiceTests.swift */; };
		FBA105A82A0CBDC0CEDBFFF9 /* RestoreErrorTests.swift in Sources */ = {isa = PBXBuildFile; fileRef = F85A4A7B99D7B66DFC094569 /* RestoreErrorTests.swift */; };
		FD4DFBC2710E7869578E11E2 /* RecordingToggleButtonTests.swift in Sources */ = {isa = PBXBuildFile; fileRef = 1B3DA4A6E22DE83A85A292C8 /* RecordingToggleButtonTests.swift */; };
/* End PBXBuildFile section */

/* Begin PBXContainerItemProxy section */
		47F3AD0696A9B6A2B54A656D /* PBXContainerItemProxy */ = {
			isa = PBXContainerItemProxy;
			containerPortal = C10CC8B85260A2E1573D14E2 /* Project object */;
			proxyType = 1;
			remoteGlobalIDString = CA2A47164AA91A0201972B48;
			remoteInfo = GPSLogger;
		};
/* End PBXContainerItemProxy section */

/* Begin PBXFileReference section */
		0511C88FB507086BEA379EC6 /* GoogleDriveSyncServiceTests.swift */ = {isa = PBXFileReference; lastKnownFileType = sourcecode.swift; path = GoogleDriveSyncServiceTests.swift; sourceTree = "<group>"; };
		0771CC5514403FBA9445A68C /* MapView.swift */ = {isa = PBXFileReference; lastKnownFileType = sourcecode.swift; path = MapView.swift; sourceTree = "<group>"; };
		0A6881F93CC5593380C7592D /* SignificantLocationChangesTests.swift */ = {isa = PBXFileReference; lastKnownFileType = sourcecode.swift; path = SignificantLocationChangesTests.swift; sourceTree = "<group>"; };
		0CB8846995B729EDA0F0DB5F /* DatabaseAutoCleanupService.swift */ = {isa = PBXFileReference; lastKnownFileType = sourcecode.swift; path = DatabaseAutoCleanupService.swift; sourceTree = "<group>"; };
		16A1134B1C074A546C47F371 /* CSVExportServiceTests.swift */ = {isa = PBXFileReference; lastKnownFileType = sourcecode.swift; path = CSVExportServiceTests.swift; sourceTree = "<group>"; };
		1B3DA4A6E22DE83A85A292C8 /* RecordingToggleButtonTests.swift */ = {isa = PBXFileReference; lastKnownFileType = sourcecode.swift; path = RecordingToggleButtonTests.swift; sourceTree = "<group>"; };
		23537070EBFE68FB77904B34 /* HomeDetector.swift */ = {isa = PBXFileReference; lastKnownFileType = sourcecode.swift; path = HomeDetector.swift; sourceTree = "<group>"; };
		26C1672AD957E9B012EADDFE /* SettingsView.swift */ = {isa = PBXFileReference; lastKnownFileType = sourcecode.swift; path = SettingsView.swift; sourceTree = "<group>"; };
		2B37EF743063CED245F62C04 /* CalendarSyncSettingsTests.swift */ = {isa = PBXFileReference; lastKnownFileType = sourcecode.swift; path = CalendarSyncSettingsTests.swift; sourceTree = "<group>"; };
		2E955F6ED4C6E26D78094677 /* LocationService.swift */ = {isa = PBXFileReference; lastKnownFileType = sourcecode.swift; path = LocationService.swift; sourceTree = "<group>"; };
		3193D4B8A02F13BF3F5D299C /* Assets.xcassets */ = {isa = PBXFileReference; lastKnownFileType = folder.assetcatalog; path = Assets.xcassets; sourceTree = "<group>"; };
		38CEB4C730011080C237426F /* TripRecord.swift */ = {isa = PBXFileReference; lastKnownFileType = sourcecode.swift; path = TripRecord.swift; sourceTree = "<group>"; };
		3C12B045AB46802FCE01A468 /* CSVExportDocument.swift */ = {isa = PBXFileReference; lastKnownFileType = sourcecode.swift; path = CSVExportDocument.swift; sourceTree = "<group>"; };
		3CF570EBE1E9ADC5B9403644 /* AppDependencyContainer.swift */ = {isa = PBXFileReference; lastKnownFileType = sourcecode.swift; path = AppDependencyContainer.swift; sourceTree = "<group>"; };
		3D368B348251683C3272A93A /* GPSLoggerTests.xctest */ = {isa = PBXFileReference; includeInIndex = 0; lastKnownFileType = wrapper.cfbundle; path = GPSLoggerTests.xctest; sourceTree = BUILT_PRODUCTS_DIR; };
		3FC8CD2F54F4FE8714ABE361 /* HistoryListView.swift */ = {isa = PBXFileReference; lastKnownFileType = sourcecode.swift; path = HistoryListView.swift; sourceTree = "<group>"; };
		40A74F94B451AE4BD207C26F /* CalendarEventCreationTests.swift */ = {isa = PBXFileReference; lastKnownFileType = sourcecode.swift; path = CalendarEventCreationTests.swift; sourceTree = "<group>"; };
		41DC54EF575CD247E3602D4B /* CloudStoragePickerViewTests.swift */ = {isa = PBXFileReference; lastKnownFileType = sourcecode.swift; path = CloudStoragePickerViewTests.swift; sourceTree = "<group>"; };
		4687368FA960C567C58DDCA9 /* CloudStorageProvider.swift */ = {isa = PBXFileReference; lastKnownFileType = sourcecode.swift; path = CloudStorageProvider.swift; sourceTree = "<group>"; };
		46F0CA2E57DB8C75382AACBA /* RecordingToggleButton.swift */ = {isa = PBXFileReference; lastKnownFileType = sourcecode.swift; path = RecordingToggleButton.swift; sourceTree = "<group>"; };
		471A3702C5EEEC77277A596E /* RootViewIntegrationTests.swift */ = {isa = PBXFileReference; lastKnownFileType = sourcecode.swift; path = RootViewIntegrationTests.swift; sourceTree = "<group>"; };
		49CC275E125BDF6C7242CB9D /* CalendarSyncService.swift */ = {isa = PBXFileReference; lastKnownFileType = sourcecode.swift; path = CalendarSyncService.swift; sourceTree = "<group>"; };
		49E44A28BD4137F6F5F2633C /* DocumentPickerViewTests.swift */ = {isa = PBXFileReference; lastKnownFileType = sourcecode.swift; path = DocumentPickerViewTests.swift; sourceTree = "<group>"; };
		51FF00C6BDAA0F59B0555A37 /* QASprint1AdditionalTests.swift */ = {isa = PBXFileReference; lastKnownFileType = sourcecode.swift; path = QASprint1AdditionalTests.swift; sourceTree = "<group>"; };
		5697116473933AB9EF54B85B /* PendingUpload.swift */ = {isa = PBXFileReference; lastKnownFileType = sourcecode.swift; path = PendingUpload.swift; sourceTree = "<group>"; };
		5FD029C50DCD5065DEDA58B3 /* ExportViewTests.swift */ = {isa = PBXFileReference; lastKnownFileType = sourcecode.swift; path = ExportViewTests.swift; sourceTree = "<group>"; };
		65B5FC56A34F6DA25ACB0E13 /* GoogleDriveOAuth-Info.plist.example */ = {isa = PBXFileReference; path = "GoogleDriveOAuth-Info.plist.example"; sourceTree = "<group>"; };
		6CCF1D511C77C674A48D2EA3 /* TripRepository.swift */ = {isa = PBXFileReference; lastKnownFileType = sourcecode.swift; path = TripRepository.swift; sourceTree = "<group>"; };
		6F59FE8A80FDBCF7E82B6B08 /* CSVExportService.swift */ = {isa = PBXFileReference; lastKnownFileType = sourcecode.swift; path = CSVExportService.swift; sourceTree = "<group>"; };
		742A6F4CBB2E6A365A2BE85F /* CSVExportDocumentTests.swift */ = {isa = PBXFileReference; lastKnownFileType = sourcecode.swift; path = CSVExportDocumentTests.swift; sourceTree = "<group>"; };
		757590CA185C352FBE4BF43F /* PlaceLookupServiceTests.swift */ = {isa = PBXFileReference; lastKnownFileType = sourcecode.swift; path = PlaceLookupServiceTests.swift; sourceTree = "<group>"; };
		78BCCAAEEE3DA047BCFF0FBA /* AppSettingsTests.swift */ = {isa = PBXFileReference; lastKnownFileType = sourcecode.swift; path = AppSettingsTests.swift; sourceTree = "<group>"; };
		79DD5C1B6C6D40D970752F6B /* DocumentPickerView.swift */ = {isa = PBXFileReference; lastKnownFileType = sourcecode.swift; path = DocumentPickerView.swift; sourceTree = "<group>"; };
		7D2F4B30888C2F27659D0077 /* HomeRegistrationTests.swift */ = {isa = PBXFileReference; lastKnownFileType = sourcecode.swift; path = HomeRegistrationTests.swift; sourceTree = "<group>"; };
		7F750F9ACD94DC3F5E406A01 /* GoogleDriveSyncService.swift */ = {isa = PBXFileReference; lastKnownFileType = sourcecode.swift; path = GoogleDriveSyncService.swift; sourceTree = "<group>"; };
		89566F273738C6565096CEC1 /* RoutePoint.swift */ = {isa = PBXFileReference; lastKnownFileType = sourcecode.swift; path = RoutePoint.swift; sourceTree = "<group>"; };
		89FED55A72166C6B0DF1E8C0 /* CalendarSyncServiceTests.swift */ = {isa = PBXFileReference; lastKnownFileType = sourcecode.swift; path = CalendarSyncServiceTests.swift; sourceTree = "<group>"; };
		8B25A5CBD33C6E06195D0C35 /* CalendarPickerView.swift */ = {isa = PBXFileReference; lastKnownFileType = sourcecode.swift; path = CalendarPickerView.swift; sourceTree = "<group>"; };
		8B3F1ED182E80F8F3EB52399 /* HomeDetectorTests.swift */ = {isa = PBXFileReference; lastKnownFileType = sourcecode.swift; path = HomeDetectorTests.swift; sourceTree = "<group>"; };
		91BDB0748DBEDA85099441C1 /* HistoryDetailView.swift */ = {isa = PBXFileReference; lastKnownFileType = sourcecode.swift; path = HistoryDetailView.swift; sourceTree = "<group>"; };
		92C5F95F252B8D8D514304D2 /* StayDetectorTests.swift */ = {isa = PBXFileReference; lastKnownFileType = sourcecode.swift; path = StayDetectorTests.swift; sourceTree = "<group>"; };
		975470EA32C831B3AC3AC8F2 /* TripRestoreTests.swift */ = {isa = PBXFileReference; lastKnownFileType = sourcecode.swift; path = TripRestoreTests.swift; sourceTree = "<group>"; };
		9CFBBBCC65BC1A7E54445466 /* StayDetector.swift */ = {isa = PBXFileReference; lastKnownFileType = sourcecode.swift; path = StayDetector.swift; sourceTree = "<group>"; };
		A02103CF9D745DFC5CDA6FF4 /* LocationServiceTests.swift */ = {isa = PBXFileReference; lastKnownFileType = sourcecode.swift; path = LocationServiceTests.swift; sourceTree = "<group>"; };
		A20450C6BAD2D86CCDBD9F05 /* CloudUploadCoordinator.swift */ = {isa = PBXFileReference; lastKnownFileType = sourcecode.swift; path = CloudUploadCoordinator.swift; sourceTree = "<group>"; };
		A263C19BA0FB785A739BE97D /* TripDistanceCalculatorTests.swift */ = {isa = PBXFileReference; lastKnownFileType = sourcecode.swift; path = TripDistanceCalculatorTests.swift; sourceTree = "<group>"; };
		AADCC82AF4B4B0595463F512 /* GoogleMapsConfiguration.swift */ = {isa = PBXFileReference; lastKnownFileType = sourcecode.swift; path = GoogleMapsConfiguration.swift; sourceTree = "<group>"; };
		AC52EBDDC16E791A59801574 /* CloudUploadRetryQueue.swift */ = {isa = PBXFileReference; lastKnownFileType = sourcecode.swift; path = CloudUploadRetryQueue.swift; sourceTree = "<group>"; };
		B37FB6243B593D1536828AB0 /* PlaceLookupService.swift */ = {isa = PBXFileReference; lastKnownFileType = sourcecode.swift; path = PlaceLookupService.swift; sourceTree = "<group>"; };
		B469DE98253C140644E24C89 /* MapViewModel.swift */ = {isa = PBXFileReference; lastKnownFileType = sourcecode.swift; path = MapViewModel.swift; sourceTree = "<group>"; };
		B6F9C5BAF5ABA55BD7565C6B /* CloudUploadRetryQueueTests.swift */ = {isa = PBXFileReference; lastKnownFileType = sourcecode.swift; path = CloudUploadRetryQueueTests.swift; sourceTree = "<group>"; };
		BBA1500FED5E52CD71916C89 /* CloudUploadCoordinatorTests.swift */ = {isa = PBXFileReference; lastKnownFileType = sourcecode.swift; path = CloudUploadCoordinatorTests.swift; sourceTree = "<group>"; };
		BBC544193EF55BDEDE9C0D57 /* AppSettings.swift */ = {isa = PBXFileReference; lastKnownFileType = sourcecode.swift; path = AppSettings.swift; sourceTree = "<group>"; };
		BD44FC296B085998F507FFCF /* HomeRegistrationView.swift */ = {isa = PBXFileReference; lastKnownFileType = sourcecode.swift; path = HomeRegistrationView.swift; sourceTree = "<group>"; };
		BF22B0296FC8C77D3D3DACF4 /* GPSLoggerTests.swift */ = {isa = PBXFileReference; lastKnownFileType = sourcecode.swift; path = GPSLoggerTests.swift; sourceTree = "<group>"; };
		C23DFC5375D70DE8974871A5 /* HomeLocation.swift */ = {isa = PBXFileReference; lastKnownFileType = sourcecode.swift; path = HomeLocation.swift; sourceTree = "<group>"; };
		C636BD1ED2E9F23F1A4EA689 /* PinRecord.swift */ = {isa = PBXFileReference; lastKnownFileType = sourcecode.swift; path = PinRecord.swift; sourceTree = "<group>"; };
		C64D11D565BAB23BAB2B0369 /* DatabaseAutoCleanupServiceTests.swift */ = {isa = PBXFileReference; lastKnownFileType = sourcecode.swift; path = DatabaseAutoCleanupServiceTests.swift; sourceTree = "<group>"; };
		C8D1EC5DBB4D9C24119D8198 /* TripDistanceCalculator.swift */ = {isa = PBXFileReference; lastKnownFileType = sourcecode.swift; path = TripDistanceCalculator.swift; sourceTree = "<group>"; };
		C9BE4D07634ED63174E4C624 /* GPSLoggerApp.swift */ = {isa = PBXFileReference; lastKnownFileType = sourcecode.swift; path = GPSLoggerApp.swift; sourceTree = "<group>"; };
		CC2ED719F5EC694C0042B9DA /* CloudStorageSyncSettingsTests.swift */ = {isa = PBXFileReference; lastKnownFileType = sourcecode.swift; path = CloudStorageSyncSettingsTests.swift; sourceTree = "<group>"; };
		D04A663F9874E0FC5CCA2229 /* PersistenceController.swift */ = {isa = PBXFileReference; lastKnownFileType = sourcecode.swift; path = PersistenceController.swift; sourceTree = "<group>"; };
		DA59AB0967DD6D2E49DDEA67 /* GoogleMaps-Info.plist */ = {isa = PBXFileReference; lastKnownFileType = text.plist; path = "GoogleMaps-Info.plist"; sourceTree = "<group>"; };
		DBFA4B356B1486854378D8D6 /* PinRecordTests.swift */ = {isa = PBXFileReference; lastKnownFileType = sourcecode.swift; path = PinRecordTests.swift; sourceTree = "<group>"; };
		E89388920445382DC577EA62 /* ExportView.swift */ = {isa = PBXFileReference; lastKnownFileType = sourcecode.swift; path = ExportView.swift; sourceTree = "<group>"; };
		EB3F65917DC8E542E0510F6E /* RootView.swift */ = {isa = PBXFileReference; lastKnownFileType = sourcecode.swift; path = RootView.swift; sourceTree = "<group>"; };
		EBD4D886A3A9DB39F936FED6 /* GPSLogger.app */ = {isa = PBXFileReference; includeInIndex = 0; lastKnownFileType = wrapper.application; path = GPSLogger.app; sourceTree = BUILT_PRODUCTS_DIR; };
		EE73BF20583E5707BD2ADE5D /* PersistenceControllerTests.swift */ = {isa = PBXFileReference; lastKnownFileType = sourcecode.swift; path = PersistenceControllerTests.swift; sourceTree = "<group>"; };
		F85A4A7B99D7B66DFC094569 /* RestoreErrorTests.swift */ = {isa = PBXFileReference; lastKnownFileType = sourcecode.swift; path = RestoreErrorTests.swift; sourceTree = "<group>"; };
		FDD88D7D67EA5911278089DD /* TripRepositoryTests.swift */ = {isa = PBXFileReference; lastKnownFileType = sourcecode.swift; path = TripRepositoryTests.swift; sourceTree = "<group>"; };
		FE71CA5F6AF0859C8D12A41D /* CloudStoragePickerView.swift */ = {isa = PBXFileReference; lastKnownFileType = sourcecode.swift; path = CloudStoragePickerView.swift; sourceTree = "<group>"; };
/* End PBXFileReference section */

/* Begin PBXFrameworksBuildPhase section */
		13F5504620F50AC587E1AC42 /* Frameworks */ = {
			isa = PBXFrameworksBuildPhase;
			buildActionMask = 2147483647;
			files = (
				EE2A19120BD717FF5C324D56 /* GoogleMaps in Frameworks */,
			);
			runOnlyForDeploymentPostprocessing = 0;
		};
/* End PBXFrameworksBuildPhase section */

/* Begin PBXGroup section */
		00286EBA3532B49942B31819 /* Storage */ = {
			isa = PBXGroup;
			children = (
				0CB8846995B729EDA0F0DB5F /* DatabaseAutoCleanupService.swift */,
			);
			path = Storage;
			sourceTree = "<group>";
		};
		0CE16D1972DDC2BDC7EB9AC2 /* Features */ = {
			isa = PBXGroup;
			children = (
				9AE1FEA248DBE2091A05E729 /* Export */,
				D5DC318B76F02986CF907AA6 /* History */,
				51502A21B123ED95E0C33D6B /* Map */,
				F55760E63201C6B3EEF4B2A1 /* Settings */,
			);
			path = Features;
			sourceTree = "<group>";
		};
		1FAB2B77157514300FB553A6 /* Models */ = {
			isa = PBXGroup;
			children = (
				BBC544193EF55BDEDE9C0D57 /* AppSettings.swift */,
				C23DFC5375D70DE8974871A5 /* HomeLocation.swift */,
				5697116473933AB9EF54B85B /* PendingUpload.swift */,
				C636BD1ED2E9F23F1A4EA689 /* PinRecord.swift */,
				89566F273738C6565096CEC1 /* RoutePoint.swift */,
				38CEB4C730011080C237426F /* TripRecord.swift */,
			);
			path = Models;
			sourceTree = "<group>";
		};
		21473425FB53612465868811 /* Location */ = {
			isa = PBXGroup;
			children = (
				2E955F6ED4C6E26D78094677 /* LocationService.swift */,
			);
			path = Location;
			sourceTree = "<group>";
		};
		4835667A66B5B03422D37A76 /* Products */ = {
			isa = PBXGroup;
			children = (
				EBD4D886A3A9DB39F936FED6 /* GPSLogger.app */,
				3D368B348251683C3272A93A /* GPSLoggerTests.xctest */,
			);
			name = Products;
			sourceTree = "<group>";
		};
		492BD62D39B5A251D6526CD7 = {
			isa = PBXGroup;
			children = (
				5E0E51E01A221176ECFB5594 /* GPSLogger */,
				767A0129FA89CCFF21363992 /* GPSLoggerTests */,
				4835667A66B5B03422D37A76 /* Products */,
			);
			sourceTree = "<group>";
		};
		49E88AEC1D92696EAFD9AC7C /* Resources */ = {
			isa = PBXGroup;
			children = (
				3193D4B8A02F13BF3F5D299C /* Assets.xcassets */,
				65B5FC56A34F6DA25ACB0E13 /* GoogleDriveOAuth-Info.plist.example */,
				DA59AB0967DD6D2E49DDEA67 /* GoogleMaps-Info.plist */,
			);
			path = Resources;
			sourceTree = "<group>";
		};
		51502A21B123ED95E0C33D6B /* Map */ = {
			isa = PBXGroup;
			children = (
				0771CC5514403FBA9445A68C /* MapView.swift */,
				B469DE98253C140644E24C89 /* MapViewModel.swift */,
				46F0CA2E57DB8C75382AACBA /* RecordingToggleButton.swift */,
			);
			path = Map;
			sourceTree = "<group>";
		};
		5E0E51E01A221176ECFB5594 /* GPSLogger */ = {
			isa = PBXGroup;
			children = (
				7B4FC5A730FDC1E65B23C570 /* App */,
				0CE16D1972DDC2BDC7EB9AC2 /* Features */,
				1FAB2B77157514300FB553A6 /* Models */,
				49E88AEC1D92696EAFD9AC7C /* Resources */,
				F9F7ED854D3D38DEF7554A74 /* Services */,
			);
			path = GPSLogger;
			sourceTree = "<group>";
		};
		767A0129FA89CCFF21363992 /* GPSLoggerTests */ = {
			isa = PBXGroup;
			children = (
				78BCCAAEEE3DA047BCFF0FBA /* AppSettingsTests.swift */,
				40A74F94B451AE4BD207C26F /* CalendarEventCreationTests.swift */,
				89FED55A72166C6B0DF1E8C0 /* CalendarSyncServiceTests.swift */,
				2B37EF743063CED245F62C04 /* CalendarSyncSettingsTests.swift */,
				41DC54EF575CD247E3602D4B /* CloudStoragePickerViewTests.swift */,
				CC2ED719F5EC694C0042B9DA /* CloudStorageSyncSettingsTests.swift */,
				BBA1500FED5E52CD71916C89 /* CloudUploadCoordinatorTests.swift */,
				B6F9C5BAF5ABA55BD7565C6B /* CloudUploadRetryQueueTests.swift */,
				742A6F4CBB2E6A365A2BE85F /* CSVExportDocumentTests.swift */,
				16A1134B1C074A546C47F371 /* CSVExportServiceTests.swift */,
				C64D11D565BAB23BAB2B0369 /* DatabaseAutoCleanupServiceTests.swift */,
				49E44A28BD4137F6F5F2633C /* DocumentPickerViewTests.swift */,
				5FD029C50DCD5065DEDA58B3 /* ExportViewTests.swift */,
				0511C88FB507086BEA379EC6 /* GoogleDriveSyncServiceTests.swift */,
				BF22B0296FC8C77D3D3DACF4 /* GPSLoggerTests.swift */,
				8B3F1ED182E80F8F3EB52399 /* HomeDetectorTests.swift */,
				7D2F4B30888C2F27659D0077 /* HomeRegistrationTests.swift */,
				A02103CF9D745DFC5CDA6FF4 /* LocationServiceTests.swift */,
				EE73BF20583E5707BD2ADE5D /* PersistenceControllerTests.swift */,
				DBFA4B356B1486854378D8D6 /* PinRecordTests.swift */,
				757590CA185C352FBE4BF43F /* PlaceLookupServiceTests.swift */,
				51FF00C6BDAA0F59B0555A37 /* QASprint1AdditionalTests.swift */,
				1B3DA4A6E22DE83A85A292C8 /* RecordingToggleButtonTests.swift */,
				F85A4A7B99D7B66DFC094569 /* RestoreErrorTests.swift */,
				471A3702C5EEEC77277A596E /* RootViewIntegrationTests.swift */,
				0A6881F93CC5593380C7592D /* SignificantLocationChangesTests.swift */,
				92C5F95F252B8D8D514304D2 /* StayDetectorTests.swift */,
				A263C19BA0FB785A739BE97D /* TripDistanceCalculatorTests.swift */,
				FDD88D7D67EA5911278089DD /* TripRepositoryTests.swift */,
				975470EA32C831B3AC3AC8F2 /* TripRestoreTests.swift */,
			);
			path = GPSLoggerTests;
			sourceTree = "<group>";
		};
		784ACB41A35091F335CE0C5E /* Trip */ = {
			isa = PBXGroup;
			children = (
				9CFBBBCC65BC1A7E54445466 /* StayDetector.swift */,
				C8D1EC5DBB4D9C24119D8198 /* TripDistanceCalculator.swift */,
			);
			path = Trip;
			sourceTree = "<group>";
		};
		7B4FC5A730FDC1E65B23C570 /* App */ = {
			isa = PBXGroup;
			children = (
				3CF570EBE1E9ADC5B9403644 /* AppDependencyContainer.swift */,
				AADCC82AF4B4B0595463F512 /* GoogleMapsConfiguration.swift */,
				C9BE4D07634ED63174E4C624 /* GPSLoggerApp.swift */,
				EB3F65917DC8E542E0510F6E /* RootView.swift */,
			);
			path = App;
			sourceTree = "<group>";
		};
		9A65B92EE75410CFAD561391 /* Place */ = {
			isa = PBXGroup;
			children = (
				B37FB6243B593D1536828AB0 /* PlaceLookupService.swift */,
			);
			path = Place;
			sourceTree = "<group>";
		};
		9AE1FEA248DBE2091A05E729 /* Export */ = {
			isa = PBXGroup;
			children = (
				3C12B045AB46802FCE01A468 /* CSVExportDocument.swift */,
				79DD5C1B6C6D40D970752F6B /* DocumentPickerView.swift */,
				E89388920445382DC577EA62 /* ExportView.swift */,
			);
			path = Export;
			sourceTree = "<group>";
		};
		9E87E2A1F42C4C5C3C3E17CD /* Export */ = {
			isa = PBXGroup;
			children = (
				6F59FE8A80FDBCF7E82B6B08 /* CSVExportService.swift */,
			);
			path = Export;
			sourceTree = "<group>";
		};
		B540A0DC34076341880A533A /* Cloud */ = {
			isa = PBXGroup;
			children = (
				4687368FA960C567C58DDCA9 /* CloudStorageProvider.swift */,
				A20450C6BAD2D86CCDBD9F05 /* CloudUploadCoordinator.swift */,
				AC52EBDDC16E791A59801574 /* CloudUploadRetryQueue.swift */,
				7F750F9ACD94DC3F5E406A01 /* GoogleDriveSyncService.swift */,
			);
			path = Cloud;
			sourceTree = "<group>";
		};
		CA4B7078ABB7BE570B025E4F /* Home */ = {
			isa = PBXGroup;
			children = (
				23537070EBFE68FB77904B34 /* HomeDetector.swift */,
			);
			path = Home;
			sourceTree = "<group>";
		};
		D5DC318B76F02986CF907AA6 /* History */ = {
			isa = PBXGroup;
			children = (
				91BDB0748DBEDA85099441C1 /* HistoryDetailView.swift */,
				3FC8CD2F54F4FE8714ABE361 /* HistoryListView.swift */,
			);
			path = History;
			sourceTree = "<group>";
		};
		E9394F1215CBFD8610104EC3 /* Calendar */ = {
			isa = PBXGroup;
			children = (
				49CC275E125BDF6C7242CB9D /* CalendarSyncService.swift */,
			);
			path = Calendar;
			sourceTree = "<group>";
		};
		F056D3FE128F2568530B2C43 /* Persistence */ = {
			isa = PBXGroup;
			children = (
				D04A663F9874E0FC5CCA2229 /* PersistenceController.swift */,
				6CCF1D511C77C674A48D2EA3 /* TripRepository.swift */,
			);
			path = Persistence;
			sourceTree = "<group>";
		};
		F55760E63201C6B3EEF4B2A1 /* Settings */ = {
			isa = PBXGroup;
			children = (
				8B25A5CBD33C6E06195D0C35 /* CalendarPickerView.swift */,
				FE71CA5F6AF0859C8D12A41D /* CloudStoragePickerView.swift */,
				BD44FC296B085998F507FFCF /* HomeRegistrationView.swift */,
				26C1672AD957E9B012EADDFE /* SettingsView.swift */,
			);
			path = Settings;
			sourceTree = "<group>";
		};
		F9F7ED854D3D38DEF7554A74 /* Services */ = {
			isa = PBXGroup;
			children = (
				E9394F1215CBFD8610104EC3 /* Calendar */,
				B540A0DC34076341880A533A /* Cloud */,
				9E87E2A1F42C4C5C3C3E17CD /* Export */,
				CA4B7078ABB7BE570B025E4F /* Home */,
				21473425FB53612465868811 /* Location */,
				F056D3FE128F2568530B2C43 /* Persistence */,
				9A65B92EE75410CFAD561391 /* Place */,
				00286EBA3532B49942B31819 /* Storage */,
				784ACB41A35091F335CE0C5E /* Trip */,
			);
			path = Services;
			sourceTree = "<group>";
		};
/* End PBXGroup section */

/* Begin PBXNativeTarget section */
		75C5A012A7D7D245C79DE790 /* GPSLoggerTests */ = {
			isa = PBXNativeTarget;
			buildConfigurationList = 3583545B103C02E195E4B614 /* Build configuration list for PBXNativeTarget "GPSLoggerTests" */;
			buildPhases = (
				985D5EE3EDECBBC2B443CFBF /* Sources */,
			);
			buildRules = (
			);
			dependencies = (
				295249756201AB6B4D351239 /* PBXTargetDependency */,
			);
			name = GPSLoggerTests;
			packageProductDependencies = (
			);
			productName = GPSLoggerTests;
			productReference = 3D368B348251683C3272A93A /* GPSLoggerTests.xctest */;
			productType = "com.apple.product-type.bundle.unit-test";
		};
		CA2A47164AA91A0201972B48 /* GPSLogger */ = {
			isa = PBXNativeTarget;
			buildConfigurationList = 7E93AE33FD7BF964497F5A79 /* Build configuration list for PBXNativeTarget "GPSLogger" */;
			buildPhases = (
				86771C7BD64334171DC15A98 /* Sources */,
				200B918EDEFC341DB725B769 /* Resources */,
				13F5504620F50AC587E1AC42 /* Frameworks */,
			);
			buildRules = (
			);
			dependencies = (
			);
			name = GPSLogger;
			packageProductDependencies = (
				1E9DA276A4AFB7648716131D /* GoogleMaps */,
			);
			productName = GPSLogger;
			productReference = EBD4D886A3A9DB39F936FED6 /* GPSLogger.app */;
			productType = "com.apple.product-type.application";
		};
/* End PBXNativeTarget section */

/* Begin PBXProject section */
		C10CC8B85260A2E1573D14E2 /* Project object */ = {
			isa = PBXProject;
			attributes = {
				BuildIndependentTargetsInParallel = YES;
				LastUpgradeCheck = 1430;
				TargetAttributes = {
					75C5A012A7D7D245C79DE790 = {
						DevelopmentTeam = "";
						ProvisioningStyle = Automatic;
					};
					CA2A47164AA91A0201972B48 = {
						DevelopmentTeam = "";
						ProvisioningStyle = Automatic;
					};
				};
			};
			buildConfigurationList = A0D0615B8A9DFEAC018CF71A /* Build configuration list for PBXProject "GPSLogger" */;
			developmentRegion = en;
			hasScannedForEncodings = 0;
			knownRegions = (
				Base,
				en,
			);
			mainGroup = 492BD62D39B5A251D6526CD7;
			minimizedProjectReferenceProxies = 1;
			packageReferences = (
				04127DB930AE98FA7B38C9B3 /* XCRemoteSwiftPackageReference "ios-maps-sdk" */,
			);
			preferredProjectObjectVersion = 77;
			productRefGroup = 4835667A66B5B03422D37A76 /* Products */;
			projectDirPath = "";
			projectRoot = "";
			targets = (
				CA2A47164AA91A0201972B48 /* GPSLogger */,
				75C5A012A7D7D245C79DE790 /* GPSLoggerTests */,
			);
		};
/* End PBXProject section */

/* Begin PBXResourcesBuildPhase section */
		200B918EDEFC341DB725B769 /* Resources */ = {
			isa = PBXResourcesBuildPhase;
			buildActionMask = 2147483647;
			files = (
				232E665630652985E70CE788 /* Assets.xcassets in Resources */,
				8CE573EDE96ABE3C6657D255 /* GoogleDriveOAuth-Info.plist.example in Resources */,
				AE27F46968F6EC770DE7756B /* GoogleMaps-Info.plist in Resources */,
			);
			runOnlyForDeploymentPostprocessing = 0;
		};
/* End PBXResourcesBuildPhase section */

/* Begin PBXSourcesBuildPhase section */
		86771C7BD64334171DC15A98 /* Sources */ = {
			isa = PBXSourcesBuildPhase;
			buildActionMask = 2147483647;
			files = (
				58617E7F6825AECDDCA2F4A4 /* AppDependencyContainer.swift in Sources */,
				32F3026C3BE5428958F6CADF /* AppSettings.swift in Sources */,
				6AA72AAFEC8EA068AB09B114 /* CSVExportDocument.swift in Sources */,
				916D1E6AA28EB92AD6FA4E90 /* CSVExportService.swift in Sources */,
				3FDC7AC4EBE200A29D7FA4A2 /* CalendarPickerView.swift in Sources */,
				7159A8566F7036066C98F9A9 /* CalendarSyncService.swift in Sources */,
				364240BE553E6F3C9AB9DF74 /* CloudStoragePickerView.swift in Sources */,
				2B9DC0DA23D447336A7B6557 /* CloudStorageProvider.swift in Sources */,
				9E0FCAE07D3493E4BFFA4A45 /* CloudUploadCoordinator.swift in Sources */,
				D5297EEC0C7DDB2EC872298C /* CloudUploadRetryQueue.swift in Sources */,
				D22725577D9F0817C606AF21 /* DatabaseAutoCleanupService.swift in Sources */,
				8785924DDCF929C7A8383E07 /* DocumentPickerView.swift in Sources */,
				61BD1C28023B04335BC0E5DC /* ExportView.swift in Sources */,
				8681D5490C0C37A5F33A617B /* GPSLoggerApp.swift in Sources */,
				E2D87646EFED4E373E53E2FD /* GoogleDriveSyncService.swift in Sources */,
				2E4073CA209AB82F8A2DC6B4 /* GoogleMapsConfiguration.swift in Sources */,
				19EADD4A080D05C952B14949 /* HistoryDetailView.swift in Sources */,
				BE25912257AE2CF0AB1CAB1B /* HistoryListView.swift in Sources */,
				BB910DECFFA5FD364C6C0048 /* HomeDetector.swift in Sources */,
				A0D7447680AD23A9041981EE /* HomeLocation.swift in Sources */,
				58D9707440808935F7D70087 /* HomeRegistrationView.swift in Sources */,
				815840A6B17A8F34BC86D7F3 /* LocationService.swift in Sources */,
				B769653B0FAD1396C8DD6411 /* MapView.swift in Sources */,
				C31C0D5EA2F6242A5B33FB6C /* MapViewModel.swift in Sources */,
				4E83C83B29CF121E2B1181B1 /* PendingUpload.swift in Sources */,
				9880F114F947B2EBBBE6203D /* PersistenceController.swift in Sources */,
				784CDF377C467CBB581037FF /* PinRecord.swift in Sources */,
				399F5B44F7E5C0D6B7A54E6A /* PlaceLookupService.swift in Sources */,
				8FEA8A98433FD285EFA9A860 /* RecordingToggleButton.swift in Sources */,
				310A9FC684206018CD088AFC /* RootView.swift in Sources */,
				D9C8CB26ADEAA73BF9E2F253 /* RoutePoint.swift in Sources */,
				EFEB1E11D591FF76F47CA633 /* SettingsView.swift in Sources */,
				1A28E9FE263E40E979B1C2DF /* StayDetector.swift in Sources */,
				02F3021A9E754B31B1045491 /* TripDistanceCalculator.swift in Sources */,
				AF70A7A59D5720314956BCDB /* TripRecord.swift in Sources */,
				8E691B87FFCD22FA8FEB8636 /* TripRepository.swift in Sources */,
			);
			runOnlyForDeploymentPostprocessing = 0;
		};
		985D5EE3EDECBBC2B443CFBF /* Sources */ = {
			isa = PBXSourcesBuildPhase;
			buildActionMask = 2147483647;
			files = (
				836A082EC5A456F11E4A9C1F /* AppSettingsTests.swift in Sources */,
				1B94FA1D9214F95B33731823 /* CSVExportDocumentTests.swift in Sources */,
				8BD0DD04858D53DE773F496D /* CSVExportServiceTests.swift in Sources */,
				1BC7AEDDDD1189E87EEAE6AC /* CalendarEventCreationTests.swift in Sources */,
				8D11C36DF24045BC25978350 /* CalendarSyncServiceTests.swift in Sources */,
				8275A3D023B2B4B26330343D /* CalendarSyncSettingsTests.swift in Sources */,
				BF1290E2CF72E4E883738572 /* CloudStoragePickerViewTests.swift in Sources */,
				C830F8651EE713969884D173 /* CloudStorageSyncSettingsTests.swift in Sources */,
				A066B652F4BC498CAFE0C87F /* CloudUploadCoordinatorTests.swift in Sources */,
				84AEC36BBA7B194B79EDB1D2 /* CloudUploadRetryQueueTests.swift in Sources */,
				08714C8E933A91DCE103039F /* DatabaseAutoCleanupServiceTests.swift in Sources */,
				577D6B9171C8E2221D78413B /* DocumentPickerViewTests.swift in Sources */,
				734CA4250B5B63D71A8969EA /* ExportViewTests.swift in Sources */,
				C862872A4FC5D2544D8D2326 /* GPSLoggerTests.swift in Sources */,
				F54222DBF285B9B10F8DA7A3 /* GoogleDriveSyncServiceTests.swift in Sources */,
				3A23BCAABAE933AAD3A2BBA7 /* HomeDetectorTests.swift in Sources */,
				0A542EF08033B8D6DE17801A /* HomeRegistrationTests.swift in Sources */,
				7E86FEF538D2041BBEC73EB2 /* LocationServiceTests.swift in Sources */,
				49931F06FBA12AEE1EE70CCA /* PersistenceControllerTests.swift in Sources */,
				DD761802C2D5F898D463A9F6 /* PinRecordTests.swift in Sources */,
				ED033B0D7D5002820F01D032 /* PlaceLookupServiceTests.swift in Sources */,
				1F25F0027A20912E96334367 /* QASprint1AdditionalTests.swift in Sources */,
				FD4DFBC2710E7869578E11E2 /* RecordingToggleButtonTests.swift in Sources */,
				FBA105A82A0CBDC0CEDBFFF9 /* RestoreErrorTests.swift in Sources */,
				ECBE75A04C2ED9EF2C3B3303 /* RootViewIntegrationTests.swift in Sources */,
				BB708118D2A2426E0F490270 /* SignificantLocationChangesTests.swift in Sources */,
				2A327260972B87620CB2944C /* StayDetectorTests.swift in Sources */,
				B983DFFD631D97620C4A086F /* TripDistanceCalculatorTests.swift in Sources */,
				96A84FD4A50A6D95BC766F51 /* TripRepositoryTests.swift in Sources */,
				BC8364AD3E29A573A29086A7 /* TripRestoreTests.swift in Sources */,
			);
			runOnlyForDeploymentPostprocessing = 0;
		};
/* End PBXSourcesBuildPhase section */

/* Begin PBXTargetDependency section */
		295249756201AB6B4D351239 /* PBXTargetDependency */ = {
			isa = PBXTargetDependency;
			target = CA2A47164AA91A0201972B48 /* GPSLogger */;
			targetProxy = 47F3AD0696A9B6A2B54A656D /* PBXContainerItemProxy */;
		};
/* End PBXTargetDependency section */

/* Begin XCBuildConfiguration section */
		4C50FF8B68F30CFE39351641 /* Debug */ = {
			isa = XCBuildConfiguration;
			buildSettings = {
				BUNDLE_LOADER = "$(TEST_HOST)";
				GENERATE_INFOPLIST_FILE = YES;
				IPHONEOS_DEPLOYMENT_TARGET = 26.0;
				LD_RUNPATH_SEARCH_PATHS = (
					"$(inherited)",
					"@executable_path/Frameworks",
					"@loader_path/Frameworks",
				);
				PRODUCT_BUNDLE_IDENTIFIER = com.junhnam.gpslogger.tests;
				SDKROOT = iphoneos;
				TARGETED_DEVICE_FAMILY = "1,2";
				TEST_HOST = "$(BUILT_PRODUCTS_DIR)/GPSLogger.app/GPSLogger";
			};
			name = Debug;
		};
		57B0CC0A5E482406D38D3058 /* Debug */ = {
			isa = XCBuildConfiguration;
			buildSettings = {
				ALWAYS_SEARCH_USER_PATHS = NO;
				CLANG_ANALYZER_NONNULL = YES;
				CLANG_ANALYZER_NUMBER_OBJECT_CONVERSION = YES_AGGRESSIVE;
				CLANG_CXX_LANGUAGE_STANDARD = "gnu++14";
				CLANG_CXX_LIBRARY = "libc++";
				CLANG_ENABLE_MODULES = YES;
				CLANG_ENABLE_OBJC_ARC = YES;
				CLANG_ENABLE_OBJC_WEAK = YES;
				CLANG_WARN_BLOCK_CAPTURE_AUTORELEASING = YES;
				CLANG_WARN_BOOL_CONVERSION = YES;
				CLANG_WARN_COMMA = YES;
				CLANG_WARN_CONSTANT_CONVERSION = YES;
				CLANG_WARN_DEPRECATED_OBJC_IMPLEMENTATIONS = YES;
				CLANG_WARN_DIRECT_OBJC_ISA_USAGE = YES_ERROR;
				CLANG_WARN_DOCUMENTATION_COMMENTS = YES;
				CLANG_WARN_EMPTY_BODY = YES;
				CLANG_WARN_ENUM_CONVERSION = YES;
				CLANG_WARN_INFINITE_RECURSION = YES;
				CLANG_WARN_INT_CONVERSION = YES;
				CLANG_WARN_NON_LITERAL_NULL_CONVERSION = YES;
				CLANG_WARN_OBJC_IMPLICIT_RETAIN_SELF = YES;
				CLANG_WARN_OBJC_LITERAL_CONVERSION = YES;
				CLANG_WARN_OBJC_ROOT_CLASS = YES_ERROR;
				CLANG_WARN_QUOTED_INCLUDE_IN_FRAMEWORK_HEADER = YES;
				CLANG_WARN_RANGE_LOOP_ANALYSIS = YES;
				CLANG_WARN_STRICT_PROTOTYPES = YES;
				CLANG_WARN_SUSPICIOUS_MOVE = YES;
				CLANG_WARN_UNGUARDED_AVAILABILITY = YES_AGGRESSIVE;
				CLANG_WARN_UNREACHABLE_CODE = YES;
				CLANG_WARN__DUPLICATE_METHOD_MATCH = YES;
				CODE_SIGN_STYLE = Automatic;
				COPY_PHASE_STRIP = NO;
				CURRENT_PROJECT_VERSION = 1;
				DEBUG_INFORMATION_FORMAT = dwarf;
				DEVELOPMENT_TEAM = "";
				ENABLE_STRICT_OBJC_MSGSEND = YES;
				ENABLE_TESTABILITY = YES;
				ENABLE_USER_SCRIPT_SANDBOXING = YES;
				GCC_C_LANGUAGE_STANDARD = gnu11;
				GCC_DYNAMIC_NO_PIC = NO;
				GCC_NO_COMMON_BLOCKS = YES;
				GCC_OPTIMIZATION_LEVEL = 0;
				GCC_PREPROCESSOR_DEFINITIONS = (
					"$(inherited)",
					"DEBUG=1",
				);
				GCC_WARN_64_TO_32_BIT_CONVERSION = YES;
				GCC_WARN_ABOUT_RETURN_TYPE = YES_ERROR;
				GCC_WARN_UNDECLARED_SELECTOR = YES;
				GCC_WARN_UNINITIALIZED_AUTOS = YES_AGGRESSIVE;
				GCC_WARN_UNUSED_FUNCTION = YES;
				GCC_WARN_UNUSED_VARIABLE = YES;
				IPHONEOS_DEPLOYMENT_TARGET = 26.0;
				MARKETING_VERSION = 0.1.0;
				MTL_ENABLE_DEBUG_INFO = INCLUDE_SOURCE;
				MTL_FAST_MATH = YES;
				ONLY_ACTIVE_ARCH = YES;
				PRODUCT_NAME = "$(TARGET_NAME)";
				SDKROOT = iphoneos;
				SWIFT_ACTIVE_COMPILATION_CONDITIONS = DEBUG;
				SWIFT_OPTIMIZATION_LEVEL = "-Onone";
				SWIFT_STRICT_CONCURRENCY = complete;
				SWIFT_VERSION = 6.0;
			};
			name = Debug;
		};
		6B101DA49B5FE263DA50FFFA /* Release */ = {
			isa = XCBuildConfiguration;
			buildSettings = {
				BUNDLE_LOADER = "$(TEST_HOST)";
				GENERATE_INFOPLIST_FILE = YES;
				IPHONEOS_DEPLOYMENT_TARGET = 26.0;
				LD_RUNPATH_SEARCH_PATHS = (
					"$(inherited)",
					"@executable_path/Frameworks",
					"@loader_path/Frameworks",
				);
				PRODUCT_BUNDLE_IDENTIFIER = com.junhnam.gpslogger.tests;
				SDKROOT = iphoneos;
				TARGETED_DEVICE_FAMILY = "1,2";
				TEST_HOST = "$(BUILT_PRODUCTS_DIR)/GPSLogger.app/GPSLogger";
			};
			name = Release;
		};
		81BB2B9796021DBDEA80414A /* Debug */ = {
			isa = XCBuildConfiguration;
			buildSettings = {
				ASSETCATALOG_COMPILER_APPICON_NAME = AppIcon;
				ASSETCATALOG_COMPILER_GLOBAL_ACCENT_COLOR_NAME = AccentColor;
				CODE_SIGN_IDENTITY = "iPhone Developer";
				ENABLE_PREVIEWS = YES;
				GENERATE_INFOPLIST_FILE = NO;
				INFOPLIST_FILE = GPSLogger/Resources/Info.plist;
				IPHONEOS_DEPLOYMENT_TARGET = 26.0;
				LD_RUNPATH_SEARCH_PATHS = (
					"$(inherited)",
					"@executable_path/Frameworks",
				);
				PRODUCT_BUNDLE_IDENTIFIER = com.junhnam.gpslogger;
				PRODUCT_NAME = GPSLogger;
				SDKROOT = iphoneos;
				TARGETED_DEVICE_FAMILY = 1;
			};
			name = Debug;
		};
		CB849D24072B658E0FCD4A1F /* Release */ = {
			isa = XCBuildConfiguration;
			buildSettings = {
				ASSETCATALOG_COMPILER_APPICON_NAME = AppIcon;
				ASSETCATALOG_COMPILER_GLOBAL_ACCENT_COLOR_NAME = AccentColor;
				CODE_SIGN_IDENTITY = "iPhone Developer";
				ENABLE_PREVIEWS = YES;
				GENERATE_INFOPLIST_FILE = NO;
				INFOPLIST_FILE = GPSLogger/Resources/Info.plist;
				IPHONEOS_DEPLOYMENT_TARGET = 26.0;
				LD_RUNPATH_SEARCH_PATHS = (
					"$(inherited)",
					"@executable_path/Frameworks",
				);
				PRODUCT_BUNDLE_IDENTIFIER = com.junhnam.gpslogger;
				PRODUCT_NAME = GPSLogger;
				SDKROOT = iphoneos;
				TARGETED_DEVICE_FAMILY = 1;
			};
			name = Release;
		};
		CD196FC5C4B8195670891864 /* Release */ = {
			isa = XCBuildConfiguration;
			buildSettings = {
				ALWAYS_SEARCH_USER_PATHS = NO;
				CLANG_ANALYZER_NONNULL = YES;
				CLANG_ANALYZER_NUMBER_OBJECT_CONVERSION = YES_AGGRESSIVE;
				CLANG_CXX_LANGUAGE_STANDARD = "gnu++14";
				CLANG_CXX_LIBRARY = "libc++";
				CLANG_ENABLE_MODULES = YES;
				CLANG_ENABLE_OBJC_ARC = YES;
				CLANG_ENABLE_OBJC_WEAK = YES;
				CLANG_WARN_BLOCK_CAPTURE_AUTORELEASING = YES;
				CLANG_WARN_BOOL_CONVERSION = YES;
				CLANG_WARN_COMMA = YES;
				CLANG_WARN_CONSTANT_CONVERSION = YES;
				CLANG_WARN_DEPRECATED_OBJC_IMPLEMENTATIONS = YES;
				CLANG_WARN_DIRECT_OBJC_ISA_USAGE = YES_ERROR;
				CLANG_WARN_DOCUMENTATION_COMMENTS = YES;
				CLANG_WARN_EMPTY_BODY = YES;
				CLANG_WARN_ENUM_CONVERSION = YES;
				CLANG_WARN_INFINITE_RECURSION = YES;
				CLANG_WARN_INT_CONVERSION = YES;
				CLANG_WARN_NON_LITERAL_NULL_CONVERSION = YES;
				CLANG_WARN_OBJC_IMPLICIT_RETAIN_SELF = YES;
				CLANG_WARN_OBJC_LITERAL_CONVERSION = YES;
				CLANG_WARN_OBJC_ROOT_CLASS = YES_ERROR;
				CLANG_WARN_QUOTED_INCLUDE_IN_FRAMEWORK_HEADER = YES;
				CLANG_WARN_RANGE_LOOP_ANALYSIS = YES;
				CLANG_WARN_STRICT_PROTOTYPES = YES;
				CLANG_WARN_SUSPICIOUS_MOVE = YES;
				CLANG_WARN_UNGUARDED_AVAILABILITY = YES_AGGRESSIVE;
				CLANG_WARN_UNREACHABLE_CODE = YES;
				CLANG_WARN__DUPLICATE_METHOD_MATCH = YES;
				CODE_SIGN_STYLE = Automatic;
				COPY_PHASE_STRIP = NO;
				CURRENT_PROJECT_VERSION = 1;
				DEBUG_INFORMATION_FORMAT = "dwarf-with-dsym";
				DEVELOPMENT_TEAM = "";
				ENABLE_NS_ASSERTIONS = NO;
				ENABLE_STRICT_OBJC_MSGSEND = YES;
				ENABLE_USER_SCRIPT_SANDBOXING = YES;
				GCC_C_LANGUAGE_STANDARD = gnu11;
				GCC_NO_COMMON_BLOCKS = YES;
				GCC_WARN_64_TO_32_BIT_CONVERSION = YES;
				GCC_WARN_ABOUT_RETURN_TYPE = YES_ERROR;
				GCC_WARN_UNDECLARED_SELECTOR = YES;
				GCC_WARN_UNINITIALIZED_AUTOS = YES_AGGRESSIVE;
				GCC_WARN_UNUSED_FUNCTION = YES;
				GCC_WARN_UNUSED_VARIABLE = YES;
				IPHONEOS_DEPLOYMENT_TARGET = 26.0;
				MARKETING_VERSION = 0.1.0;
				MTL_ENABLE_DEBUG_INFO = NO;
				MTL_FAST_MATH = YES;
				PRODUCT_NAME = "$(TARGET_NAME)";
				SDKROOT = iphoneos;
				SWIFT_COMPILATION_MODE = wholemodule;
				SWIFT_OPTIMIZATION_LEVEL = "-O";
				SWIFT_STRICT_CONCURRENCY = complete;
				SWIFT_VERSION = 6.0;
			};
			name = Release;
		};
/* End XCBuildConfiguration section */

/* Begin XCConfigurationList section */
		3583545B103C02E195E4B614 /* Build configuration list for PBXNativeTarget "GPSLoggerTests" */ = {
			isa = XCConfigurationList;
			buildConfigurations = (
				4C50FF8B68F30CFE39351641 /* Debug */,
				6B101DA49B5FE263DA50FFFA /* Release */,
			);
			defaultConfigurationIsVisible = 0;
			defaultConfigurationName = Debug;
		};
		7E93AE33FD7BF964497F5A79 /* Build configuration list for PBXNativeTarget "GPSLogger" */ = {
			isa = XCConfigurationList;
			buildConfigurations = (
				81BB2B9796021DBDEA80414A /* Debug */,
				CB849D24072B658E0FCD4A1F /* Release */,
			);
			defaultConfigurationIsVisible = 0;
			defaultConfigurationName = Debug;
		};
		A0D0615B8A9DFEAC018CF71A /* Build configuration list for PBXProject "GPSLogger" */ = {
			isa = XCConfigurationList;
			buildConfigurations = (
				57B0CC0A5E482406D38D3058 /* Debug */,
				CD196FC5C4B8195670891864 /* Release */,
			);
			defaultConfigurationIsVisible = 0;
			defaultConfigurationName = Debug;
		};
/* End XCConfigurationList section */

/* Begin XCRemoteSwiftPackageReference section */
		04127DB930AE98FA7B38C9B3 /* XCRemoteSwiftPackageReference "ios-maps-sdk" */ = {
			isa = XCRemoteSwiftPackageReference;
			repositoryURL = "https://github.com/googlemaps/ios-maps-sdk";
			requirement = {
				kind = upToNextMajorVersion;
				minimumVersion = 9.0.0;
			};
		};
/* End XCRemoteSwiftPackageReference section */

/* Begin XCSwiftPackageProductDependency section */
		1E9DA276A4AFB7648716131D /* GoogleMaps */ = {
			isa = XCSwiftPackageProductDependency;
			package = 04127DB930AE98FA7B38C9B3 /* XCRemoteSwiftPackageReference "ios-maps-sdk" */;
			productName = GoogleMaps;
		};
/* End XCSwiftPackageProductDependency section */
	};
	rootObject = C10CC8B85260A2E1573D14E2 /* Project object */;
}
