// !$*UTF8*$!
{
	archiveVersion = 1;
	classes = {
	};
	objectVersion = 77;
	objects = {

/* Begin PBXBuildFile section */
		02F3021A9E754B31B1045491 /* TripDistanceCalculator.swift in Sources */ = {isa = PBXBuildFile; fileRef = C8D1EC5DBB4D9C24119D8198 /* TripDistanceCalculator.swift */; };
		19EADD4A080D05C952B14949 /* HistoryDetailView.swift in Sources */ = {isa = PBXBuildFile; fileRef = 91BDB0748DBEDA85099441C1 /* HistoryDetailView.swift */; };
		1A28E9FE263E40E979B1C2DF /* StayDetector.swift in Sources */ = {isa = PBXBuildFile; fileRef = 9CFBBBCC65BC1A7E54445466 /* StayDetector.swift */; };
		1F25F0027A20912E96334367 /* QASprint1AdditionalTests.swift in Sources */ = {isa = PBXBuildFile; fileRef = 51FF00C6BDAA0F59B0555A37 /* QASprint1AdditionalTests.swift */; };
		232E665630652985E70CE788 /* Assets.xcassets in Resources */ = {isa = PBXBuildFile; fileRef = 3193D4B8A02F13BF3F5D299C /* Assets.xcassets */; };
		2A327260972B87620CB2944C /* StayDetectorTests.swift in Sources */ = {isa = PBXBuildFile; fileRef = 92C5F95F252B8D8D514304D2 /* StayDetectorTests.swift */; };
		2E4073CA209AB82F8A2DC6B4 /* GoogleMapsConfiguration.swift in Sources */ = {isa = PBXBuildFile; fileRef = AADCC82AF4B4B0595463F512 /* GoogleMapsConfiguration.swift */; };
		310A9FC684206018CD088AFC /* RootView.swift in Sources */ = {isa = PBXBuildFile; fileRef = EB3F65917DC8E542E0510F6E /* RootView.swift */; };
		49931F06FBA12AEE1EE70CCA /* PersistenceControllerTests.swift in Sources */ = {isa = PBXBuildFile; fileRef = EE73BF20583E5707BD2ADE5D /* PersistenceControllerTests.swift */; };
		784CDF377C467CBB581037FF /* PinRecord.swift in Sources */ = {isa = PBXBuildFile; fileRef = C636BD1ED2E9F23F1A4EA689 /* PinRecord.swift */; };
		7E86FEF538D2041BBEC73EB2 /* LocationServiceTests.swift in Sources */ = {isa = PBXBuildFile; fileRef = A02103CF9D745DFC5CDA6FF4 /* LocationServiceTests.swift */; };
		815840A6B17A8F34BC86D7F3 /* LocationService.swift in Sources */ = {isa = PBXBuildFile; fileRef = 2E955F6ED4C6E26D78094677 /* LocationService.swift */; };
		8681D5490C0C37A5F33A617B /* GPSLoggerApp.swift in Sources */ = {isa = PBXBuildFile; fileRef = C9BE4D07634ED63174E4C624 /* GPSLoggerApp.swift */; };
		8E691B87FFCD22FA8FEB8636 /* TripRepository.swift in Sources */ = {isa = PBXBuildFile; fileRef = 6CCF1D511C77C674A48D2EA3 /* TripRepository.swift */; };
		96A84FD4A50A6D95BC766F51 /* TripRepositoryTests.swift in Sources */ = {isa = PBXBuildFile; fileRef = FDD88D7D67EA5911278089DD /* TripRepositoryTests.swift */; };
		9880F114F947B2EBBBE6203D /* PersistenceController.swift in Sources */ = {isa = PBXBuildFile; fileRef = D04A663F9874E0FC5CCA2229 /* PersistenceController.swift */; };
		AE27F46968F6EC770DE7756B /* GoogleMaps-Info.plist in Resources */ = {isa = PBXBuildFile; fileRef = DA59AB0967DD6D2E49DDEA67 /* GoogleMaps-Info.plist */; };
		AF70A7A59D5720314956BCDB /* TripRecord.swift in Sources */ = {isa = PBXBuildFile; fileRef = 38CEB4C730011080C237426F /* TripRecord.swift */; };
		B769653B0FAD1396C8DD6411 /* MapView.swift in Sources */ = {isa = PBXBuildFile; fileRef = 0771CC5514403FBA9445A68C /* MapView.swift */; };
		B983DFFD631D97620C4A086F /* TripDistanceCalculatorTests.swift in Sources */ = {isa = PBXBuildFile; fileRef = A263C19BA0FB785A739BE97D /* TripDistanceCalculatorTests.swift */; };
		BC8364AD3E29A573A29086A7 /* TripRestoreTests.swift in Sources */ = {isa = PBXBuildFile; fileRef = 975470EA32C831B3AC3AC8F2 /* TripRestoreTests.swift */; };
		BE25912257AE2CF0AB1CAB1B /* HistoryListView.swift in Sources */ = {isa = PBXBuildFile; fileRef = 3FC8CD2F54F4FE8714ABE361 /* HistoryListView.swift */; };
		C31C0D5EA2F6242A5B33FB6C /* MapViewModel.swift in Sources */ = {isa = PBXBuildFile; fileRef = B469DE98253C140644E24C89 /* MapViewModel.swift */; };
		C862872A4FC5D2544D8D2326 /* GPSLoggerTests.swift in Sources */ = {isa = PBXBuildFile; fileRef = BF22B0296FC8C77D3D3DACF4 /* GPSLoggerTests.swift */; };
		D9C8CB26ADEAA73BF9E2F253 /* RoutePoint.swift in Sources */ = {isa = PBXBuildFile; fileRef = 89566F273738C6565096CEC1 /* RoutePoint.swift */; };
		EE2A19120BD717FF5C324D56 /* GoogleMaps in Frameworks */ = {isa = PBXBuildFile; productRef = 1E9DA276A4AFB7648716131D /* GoogleMaps */; };
/* End PBXBuildFile section */

/* Begin PBXContainerItemProxy section */
		47F3AD0696A9B6A2B54A656D /* PBXContainerItemProxy */ = {
			isa = PBXContainerItemProxy;
			containerPortal = C10CC8B85260A2E1573D14E2 /* Project object */;
			proxyType = 1;
			remoteGlobalIDString = CA2A47164AA91A0201972B48;
			remoteInfo = GPSLogger;
		};
/* End PBXContainerItemProxy section */

/* Begin PBXFileReference section */
		0771CC5514403FBA9445A68C /* MapView.swift */ = {isa = PBXFileReference; lastKnownFileType = sourcecode.swift; path = MapView.swift; sourceTree = "<group>"; };
		2E955F6ED4C6E26D78094677 /* LocationService.swift */ = {isa = PBXFileReference; lastKnownFileType = sourcecode.swift; path = LocationService.swift; sourceTree = "<group>"; };
		3193D4B8A02F13BF3F5D299C /* Assets.xcassets */ = {isa = PBXFileReference; lastKnownFileType = folder.assetcatalog; path = Assets.xcassets; sourceTree = "<group>"; };
		38CEB4C730011080C237426F /* TripRecord.swift */ = {isa = PBXFileReference; lastKnownFileType = sourcecode.swift; path = TripRecord.swift; sourceTree = "<group>"; };
		3D368B348251683C3272A93A /* GPSLoggerTests.xctest */ = {isa = PBXFileReference; includeInIndex = 0; lastKnownFileType = wrapper.cfbundle; path = GPSLoggerTests.xctest; sourceTree = BUILT_PRODUCTS_DIR; };
		3FC8CD2F54F4FE8714ABE361 /* HistoryListView.swift */ = {isa = PBXFileReference; lastKnownFileType = sourcecode.swift; path = HistoryListView.swift; sourceTree = "<group>"; };
		51FF00C6BDAA0F59B0555A37 /* QASprint1AdditionalTests.swift */ = {isa = PBXFileReference; lastKnownFileType = sourcecode.swift; path = QASprint1AdditionalTests.swift; sourceTree = "<group>"; };
		6CCF1D511C77C674A48D2EA3 /* TripRepository.swift */ = {isa = PBXFileReference; lastKnownFileType = sourcecode.swift; path = TripRepository.swift; sourceTree = "<group>"; };
		89566F273738C6565096CEC1 /* RoutePoint.swift */ = {isa = PBXFileReference; lastKnownFileType = sourcecode.swift; path = RoutePoint.swift; sourceTree = "<group>"; };
		91BDB0748DBEDA85099441C1 /* HistoryDetailView.swift */ = {isa = PBXFileReference; lastKnownFileType = sourcecode.swift; path = HistoryDetailView.swift; sourceTree = "<group>"; };
		92C5F95F252B8D8D514304D2 /* StayDetectorTests.swift */ = {isa = PBXFileReference; lastKnownFileType = sourcecode.swift; path = StayDetectorTests.swift; sourceTree = "<group>"; };
		975470EA32C831B3AC3AC8F2 /* TripRestoreTests.swift */ = {isa = PBXFileReference; lastKnownFileType = sourcecode.swift; path = TripRestoreTests.swift; sourceTree = "<group>"; };
		9CFBBBCC65BC1A7E54445466 /* StayDetector.swift */ = {isa = PBXFileReference; lastKnownFileType = sourcecode.swift; path = StayDetector.swift; sourceTree = "<group>"; };
		A02103CF9D745DFC5CDA6FF4 /* LocationServiceTests.swift */ = {isa = PBXFileReference; lastKnownFileType = sourcecode.swift; path = LocationServiceTests.swift; sourceTree = "<group>"; };
		A263C19BA0FB785A739BE97D /* TripDistanceCalculatorTests.swift */ = {isa = PBXFileReference; lastKnownFileType = sourcecode.swift; path = TripDistanceCalculatorTests.swift; sourceTree = "<group>"; };
		AADCC82AF4B4B0595463F512 /* GoogleMapsConfiguration.swift */ = {isa = PBXFileReference; lastKnownFileType = sourcecode.swift; path = GoogleMapsConfiguration.swift; sourceTree = "<group>"; };
		B469DE98253C140644E24C89 /* MapViewModel.swift */ = {isa = PBXFileReference; lastKnownFileType = sourcecode.swift; path = MapViewModel.swift; sourceTree = "<group>"; };
		BF22B0296FC8C77D3D3DACF4 /* GPSLoggerTests.swift */ = {isa = PBXFileReference; lastKnownFileType = sourcecode.swift; path = GPSLoggerTests.swift; sourceTree = "<group>"; };
		C636BD1ED2E9F23F1A4EA689 /* PinRecord.swift */ = {isa = PBXFileReference; lastKnownFileType = sourcecode.swift; path = PinRecord.swift; sourceTree = "<group>"; };
		C8D1EC5DBB4D9C24119D8198 /* TripDistanceCalculator.swift */ = {isa = PBXFileReference; lastKnownFileType = sourcecode.swift; path = TripDistanceCalculator.swift; sourceTree = "<group>"; };
		C9BE4D07634ED63174E4C624 /* GPSLoggerApp.swift */ = {isa = PBXFileReference; lastKnownFileType = sourcecode.swift; path = GPSLoggerApp.swift; sourceTree = "<group>"; };
		D04A663F9874E0FC5CCA2229 /* PersistenceController.swift */ = {isa = PBXFileReference; lastKnownFileType = sourcecode.swift; path = PersistenceController.swift; sourceTree = "<group>"; };
		DA59AB0967DD6D2E49DDEA67 /* GoogleMaps-Info.plist */ = {isa = PBXFileReference; lastKnownFileType = text.plist; path = "GoogleMaps-Info.plist"; sourceTree = "<group>"; };
		EB3F65917DC8E542E0510F6E /* RootView.swift */ = {isa = PBXFileReference; lastKnownFileType = sourcecode.swift; path = RootView.swift; sourceTree = "<group>"; };
		EBD4D886A3A9DB39F936FED6 /* GPSLogger.app */ = {isa = PBXFileReference; includeInIndex = 0; lastKnownFileType = wrapper.application; path = GPSLogger.app; sourceTree = BUILT_PRODUCTS_DIR; };
		EE73BF20583E5707BD2ADE5D /* PersistenceControllerTests.swift */ = {isa = PBXFileReference; lastKnownFileType = sourcecode.swift; path = PersistenceControllerTests.swift; sourceTree = "<group>"; };
		FDD88D7D67EA5911278089DD /* TripRepositoryTests.swift */ = {isa = PBXFileReference; lastKnownFileType = sourcecode.swift; path = TripRepositoryTests.swift; sourceTree = "<group>"; };
/* End PBXFileReference section */

/* Begin PBXFrameworksBuildPhase section */
		13F5504620F50AC587E1AC42 /* Frameworks */ = {
			isa = PBXFrameworksBuildPhase;
			buildActionMask = 2147483647;
			files = (
				EE2A19120BD717FF5C324D56 /* GoogleMaps in Frameworks */,
			);
			runOnlyForDeploymentPostprocessing = 0;
		};
/* End PBXFrameworksBuildPhase section */

/* Begin PBXGroup section */
		0CE16D1972DDC2BDC7EB9AC2 /* Features */ = {
			isa = PBXGroup;
			children = (
				D5DC318B76F02986CF907AA6 /* History */,
				51502A21B123ED95E0C33D6B /* Map */,
				F55760E63201C6B3EEF4B2A1 /* Settings */,
			);
			path = Features;
			sourceTree = "<group>";
		};
		1FAB2B77157514300FB553A6 /* Models */ = {
			isa = PBXGroup;
			children = (
				C636BD1ED2E9F23F1A4EA689 /* PinRecord.swift */,
				89566F273738C6565096CEC1 /* RoutePoint.swift */,
				38CEB4C730011080C237426F /* TripRecord.swift */,
			);
			path = Models;
			sourceTree = "<group>";
		};
		21473425FB53612465868811 /* Location */ = {
			isa = PBXGroup;
			children = (
				2E955F6ED4C6E26D78094677 /* LocationService.swift */,
			);
			path = Location;
			sourceTree = "<group>";
		};
		4835667A66B5B03422D37A76 /* Products */ = {
			isa = PBXGroup;
			children = (
				EBD4D886A3A9DB39F936FED6 /* GPSLogger.app */,
				3D368B348251683C3272A93A /* GPSLoggerTests.xctest */,
			);
			name = Products;
			sourceTree = "<group>";
		};
		492BD62D39B5A251D6526CD7 = {
			isa = PBXGroup;
			children = (
				5E0E51E01A221176ECFB5594 /* GPSLogger */,
				767A0129FA89CCFF21363992 /* GPSLoggerTests */,
				4835667A66B5B03422D37A76 /* Products */,
			);
			sourceTree = "<group>";
		};
		49E88AEC1D92696EAFD9AC7C /* Resources */ = {
			isa = PBXGroup;
			children = (
				3193D4B8A02F13BF3F5D299C /* Assets.xcassets */,
				DA59AB0967DD6D2E49DDEA67 /* GoogleMaps-Info.plist */,
			);
			path = Resources;
			sourceTree = "<group>";
		};
		51502A21B123ED95E0C33D6B /* Map */ = {
			isa = PBXGroup;
			children = (
				0771CC5514403FBA9445A68C /* MapView.swift */,
				B469DE98253C140644E24C89 /* MapViewModel.swift */,
			);
			path = Map;
			sourceTree = "<group>";
		};
		5E0E51E01A221176ECFB5594 /* GPSLogger */ = {
			isa = PBXGroup;
			children = (
				7B4FC5A730FDC1E65B23C570 /* App */,
				0CE16D1972DDC2BDC7EB9AC2 /* Features */,
				1FAB2B77157514300FB553A6 /* Models */,
				49E88AEC1D92696EAFD9AC7C /* Resources */,
				F9F7ED854D3D38DEF7554A74 /* Services */,
			);
			path = GPSLogger;
			sourceTree = "<group>";
		};
		767A0129FA89CCFF21363992 /* GPSLoggerTests */ = {
			isa = PBXGroup;
			children = (
				BF22B0296FC8C77D3D3DACF4 /* GPSLoggerTests.swift */,
				A02103CF9D745DFC5CDA6FF4 /* LocationServiceTests.swift */,
				EE73BF20583E5707BD2ADE5D /* PersistenceControllerTests.swift */,
				51FF00C6BDAA0F59B0555A37 /* QASprint1AdditionalTests.swift */,
				92C5F95F252B8D8D514304D2 /* StayDetectorTests.swift */,
				A263C19BA0FB785A739BE97D /* TripDistanceCalculatorTests.swift */,
				FDD88D7D67EA5911278089DD /* TripRepositoryTests.swift */,
				975470EA32C831B3AC3AC8F2 /* TripRestoreTests.swift */,
			);
			path = GPSLoggerTests;
			sourceTree = "<group>";
		};
		784ACB41A35091F335CE0C5E /* Trip */ = {
			isa = PBXGroup;
			children = (
				9CFBBBCC65BC1A7E54445466 /* StayDetector.swift */,
				C8D1EC5DBB4D9C24119D8198 /* TripDistanceCalculator.swift */,
			);
			path = Trip;
			sourceTree = "<group>";
		};
		7B4FC5A730FDC1E65B23C570 /* App */ = {
			isa = PBXGroup;
			children = (
				AADCC82AF4B4B0595463F512 /* GoogleMapsConfiguration.swift */,
				C9BE4D07634ED63174E4C624 /* GPSLoggerApp.swift */,
				EB3F65917DC8E542E0510F6E /* RootView.swift */,
			);
			path = App;
			sourceTree = "<group>";
		};
		D5DC318B76F02986CF907AA6 /* History */ = {
			isa = PBXGroup;
			children = (
				91BDB0748DBEDA85099441C1 /* HistoryDetailView.swift */,
				3FC8CD2F54F4FE8714ABE361 /* HistoryListView.swift */,
			);
			path = History;
			sourceTree = "<group>";
		};
		F056D3FE128F2568530B2C43 /* Persistence */ = {
			isa = PBXGroup;
			children = (
				D04A663F9874E0FC5CCA2229 /* PersistenceController.swift */,
				6CCF1D511C77C674A48D2EA3 /* TripRepository.swift */,
			);
			path = Persistence;
			sourceTree = "<group>";
		};
		F55760E63201C6B3EEF4B2A1 /* Settings */ = {
			isa = PBXGroup;
			children = (
			);
			path = Settings;
			sourceTree = "<group>";
		};
		F9F7ED854D3D38DEF7554A74 /* Services */ = {
			isa = PBXGroup;
			children = (
				21473425FB53612465868811 /* Location */,
				F056D3FE128F2568530B2C43 /* Persistence */,
				784ACB41A35091F335CE0C5E /* Trip */,
			);
			path = Services;
			sourceTree = "<group>";
		};
/* End PBXGroup section */

/* Begin PBXNativeTarget section */
		75C5A012A7D7D245C79DE790 /* GPSLoggerTests */ = {
			isa = PBXNativeTarget;
			buildConfigurationList = 3583545B103C02E195E4B614 /* Build configuration list for PBXNativeTarget "GPSLoggerTests" */;
			buildPhases = (
				985D5EE3EDECBBC2B443CFBF /* Sources */,
			);
			buildRules = (
			);
			dependencies = (
				295249756201AB6B4D351239 /* PBXTargetDependency */,
			);
			name = GPSLoggerTests;
			packageProductDependencies = (
			);
			productName = GPSLoggerTests;
			productReference = 3D368B348251683C3272A93A /* GPSLoggerTests.xctest */;
			productType = "com.apple.product-type.bundle.unit-test";
		};
		CA2A47164AA91A0201972B48 /* GPSLogger */ = {
			isa = PBXNativeTarget;
			buildConfigurationList = 7E93AE33FD7BF964497F5A79 /* Build configuration list for PBXNativeTarget "GPSLogger" */;
			buildPhases = (
				86771C7BD64334171DC15A98 /* Sources */,
				200B918EDEFC341DB725B769 /* Resources */,
				13F5504620F50AC587E1AC42 /* Frameworks */,
			);
			buildRules = (
			);
			dependencies = (
			);
			name = GPSLogger;
			packageProductDependencies = (
				1E9DA276A4AFB7648716131D /* GoogleMaps */,
			);
			productName = GPSLogger;
			productReference = EBD4D886A3A9DB39F936FED6 /* GPSLogger.app */;
			productType = "com.apple.product-type.application";
		};
/* End PBXNativeTarget section */

/* Begin PBXProject section */
		C10CC8B85260A2E1573D14E2 /* Project object */ = {
			isa = PBXProject;
			attributes = {
				BuildIndependentTargetsInParallel = YES;
				LastUpgradeCheck = 1430;
				TargetAttributes = {
					75C5A012A7D7D245C79DE790 = {
						DevelopmentTeam = "";
						ProvisioningStyle = Automatic;
					};
					CA2A47164AA91A0201972B48 = {
						DevelopmentTeam = "";
						ProvisioningStyle = Automatic;
					};
				};
			};
			buildConfigurationList = A0D0615B8A9DFEAC018CF71A /* Build configuration list for PBXProject "GPSLogger" */;
			developmentRegion = en;
			hasScannedForEncodings = 0;
			knownRegions = (
				Base,
				en,
			);
			mainGroup = 492BD62D39B5A251D6526CD7;
			minimizedProjectReferenceProxies = 1;
			packageReferences = (
				04127DB930AE98FA7B38C9B3 /* XCRemoteSwiftPackageReference "ios-maps-sdk" */,
			);
			preferredProjectObjectVersion = 77;
			productRefGroup = 4835667A66B5B03422D37A76 /* Products */;
			projectDirPath = "";
			projectRoot = "";
			targets = (
				CA2A47164AA91A0201972B48 /* GPSLogger */,
				75C5A012A7D7D245C79DE790 /* GPSLoggerTests */,
			);
		};
/* End PBXProject section */

/* Begin PBXResourcesBuildPhase section */
		200B918EDEFC341DB725B769 /* Resources */ = {
			isa = PBXResourcesBuildPhase;
			buildActionMask = 2147483647;
			files = (
				232E665630652985E70CE788 /* Assets.xcassets in Resources */,
				AE27F46968F6EC770DE7756B /* GoogleMaps-Info.plist in Resources */,
			);
			runOnlyForDeploymentPostprocessing = 0;
		};
/* End PBXResourcesBuildPhase section */

/* Begin PBXSourcesBuildPhase section */
		86771C7BD64334171DC15A98 /* Sources */ = {
			isa = PBXSourcesBuildPhase;
			buildActionMask = 2147483647;
			files = (
				8681D5490C0C37A5F33A617B /* GPSLoggerApp.swift in Sources */,
				2E4073CA209AB82F8A2DC6B4 /* GoogleMapsConfiguration.swift in Sources */,
				19EADD4A080D05C952B14949 /* HistoryDetailView.swift in Sources */,
				BE25912257AE2CF0AB1CAB1B /* HistoryListView.swift in Sources */,
				815840A6B17A8F34BC86D7F3 /* LocationService.swift in Sources */,
				B769653B0FAD1396C8DD6411 /* MapView.swift in Sources */,
				C31C0D5EA2F6242A5B33FB6C /* MapViewModel.swift in Sources */,
				9880F114F947B2EBBBE6203D /* PersistenceController.swift in Sources */,
				784CDF377C467CBB581037FF /* PinRecord.swift in Sources */,
				310A9FC684206018CD088AFC /* RootView.swift in Sources */,
				D9C8CB26ADEAA73BF9E2F253 /* RoutePoint.swift in Sources */,
				1A28E9FE263E40E979B1C2DF /* StayDetector.swift in Sources */,
				02F3021A9E754B31B1045491 /* TripDistanceCalculator.swift in Sources */,
				AF70A7A59D5720314956BCDB /* TripRecord.swift in Sources */,
				8E691B87FFCD22FA8FEB8636 /* TripRepository.swift in Sources */,
			);
			runOnlyForDeploymentPostprocessing = 0;
		};
		985D5EE3EDECBBC2B443CFBF /* Sources */ = {
			isa = PBXSourcesBuildPhase;
			buildActionMask = 2147483647;
			files = (
				C862872A4FC5D2544D8D2326 /* GPSLoggerTests.swift in Sources */,
				7E86FEF538D2041BBEC73EB2 /* LocationServiceTests.swift in Sources */,
				49931F06FBA12AEE1EE70CCA /* PersistenceControllerTests.swift in Sources */,
				1F25F0027A20912E96334367 /* QASprint1AdditionalTests.swift in Sources */,
				2A327260972B87620CB2944C /* StayDetectorTests.swift in Sources */,
				B983DFFD631D97620C4A086F /* TripDistanceCalculatorTests.swift in Sources */,
				96A84FD4A50A6D95BC766F51 /* TripRepositoryTests.swift in Sources */,
				BC8364AD3E29A573A29086A7 /* TripRestoreTests.swift in Sources */,
			);
			runOnlyForDeploymentPostprocessing = 0;
		};
/* End PBXSourcesBuildPhase section */

/* Begin PBXTargetDependency section */
		295249756201AB6B4D351239 /* PBXTargetDependency */ = {
			isa = PBXTargetDependency;
			target = CA2A47164AA91A0201972B48 /* GPSLogger */;
			targetProxy = 47F3AD0696A9B6A2B54A656D /* PBXContainerItemProxy */;
		};
/* End PBXTargetDependency section */

/* Begin XCBuildConfiguration section */
		4C50FF8B68F30CFE39351641 /* Debug */ = {
			isa = XCBuildConfiguration;
			buildSettings = {
				BUNDLE_LOADER = "$(TEST_HOST)";
				GENERATE_INFOPLIST_FILE = YES;
				IPHONEOS_DEPLOYMENT_TARGET = 26.0;
				LD_RUNPATH_SEARCH_PATHS = (
					"$(inherited)",
					"@executable_path/Frameworks",
					"@loader_path/Frameworks",
				);
				PRODUCT_BUNDLE_IDENTIFIER = com.junhnam.gpslogger.tests;
				SDKROOT = iphoneos;
				TARGETED_DEVICE_FAMILY = "1,2";
				TEST_HOST = "$(BUILT_PRODUCTS_DIR)/GPSLogger.app/GPSLogger";
			};
			name = Debug;
		};
		57B0CC0A5E482406D38D3058 /* Debug */ = {
			isa = XCBuildConfiguration;
			buildSettings = {
				ALWAYS_SEARCH_USER_PATHS = NO;
				CLANG_ANALYZER_NONNULL = YES;
				CLANG_ANALYZER_NUMBER_OBJECT_CONVERSION = YES_AGGRESSIVE;
				CLANG_CXX_LANGUAGE_STANDARD = "gnu++14";
				CLANG_CXX_LIBRARY = "libc++";
				CLANG_ENABLE_MODULES = YES;
				CLANG_ENABLE_OBJC_ARC = YES;
				CLANG_ENABLE_OBJC_WEAK = YES;
				CLANG_WARN_BLOCK_CAPTURE_AUTORELEASING = YES;
				CLANG_WARN_BOOL_CONVERSION = YES;
				CLANG_WARN_COMMA = YES;
				CLANG_WARN_CONSTANT_CONVERSION = YES;
				CLANG_WARN_DEPRECATED_OBJC_IMPLEMENTATIONS = YES;
				CLANG_WARN_DIRECT_OBJC_ISA_USAGE = YES_ERROR;
				CLANG_WARN_DOCUMENTATION_COMMENTS = YES;
				CLANG_WARN_EMPTY_BODY = YES;
				CLANG_WARN_ENUM_CONVERSION = YES;
				CLANG_WARN_INFINITE_RECURSION = YES;
				CLANG_WARN_INT_CONVERSION = YES;
				CLANG_WARN_NON_LITERAL_NULL_CONVERSION = YES;
				CLANG_WARN_OBJC_IMPLICIT_RETAIN_SELF = YES;
				CLANG_WARN_OBJC_LITERAL_CONVERSION = YES;
				CLANG_WARN_OBJC_ROOT_CLASS = YES_ERROR;
				CLANG_WARN_QUOTED_INCLUDE_IN_FRAMEWORK_HEADER = YES;
				CLANG_WARN_RANGE_LOOP_ANALYSIS = YES;
				CLANG_WARN_STRICT_PROTOTYPES = YES;
				CLANG_WARN_SUSPICIOUS_MOVE = YES;
				CLANG_WARN_UNGUARDED_AVAILABILITY = YES_AGGRESSIVE;
				CLANG_WARN_UNREACHABLE_CODE = YES;
				CLANG_WARN__DUPLICATE_METHOD_MATCH = YES;
				CODE_SIGN_STYLE = Automatic;
				COPY_PHASE_STRIP = NO;
				CURRENT_PROJECT_VERSION = 1;
				DEBUG_INFORMATION_FORMAT = dwarf;
				DEVELOPMENT_TEAM = "";
				ENABLE_STRICT_OBJC_MSGSEND = YES;
				ENABLE_TESTABILITY = YES;
				ENABLE_USER_SCRIPT_SANDBOXING = YES;
				GCC_C_LANGUAGE_STANDARD = gnu11;
				GCC_DYNAMIC_NO_PIC = NO;
				GCC_NO_COMMON_BLOCKS = YES;
				GCC_OPTIMIZATION_LEVEL = 0;
				GCC_PREPROCESSOR_DEFINITIONS = (
					"$(inherited)",
					"DEBUG=1",
				);
				GCC_WARN_64_TO_32_BIT_CONVERSION = YES;
				GCC_WARN_ABOUT_RETURN_TYPE = YES_ERROR;
				GCC_WARN_UNDECLARED_SELECTOR = YES;
				GCC_WARN_UNINITIALIZED_AUTOS = YES_AGGRESSIVE;
				GCC_WARN_UNUSED_FUNCTION = YES;
				GCC_WARN_UNUSED_VARIABLE = YES;
				IPHONEOS_DEPLOYMENT_TARGET = 26.0;
				MARKETING_VERSION = 0.1.0;
				MTL_ENABLE_DEBUG_INFO = INCLUDE_SOURCE;
				MTL_FAST_MATH = YES;
				ONLY_ACTIVE_ARCH = YES;
				PRODUCT_NAME = "$(TARGET_NAME)";
				SDKROOT = iphoneos;
				SWIFT_ACTIVE_COMPILATION_CONDITIONS = DEBUG;
				SWIFT_OPTIMIZATION_LEVEL = "-Onone";
				SWIFT_STRICT_CONCURRENCY = complete;
				SWIFT_VERSION = 6.0;
			};
			name = Debug;
		};
		6B101DA49B5FE263DA50FFFA /* Release */ = {
			isa = XCBuildConfiguration;
			buildSettings = {
				BUNDLE_LOADER = "$(TEST_HOST)";
				GENERATE_INFOPLIST_FILE = YES;
				IPHONEOS_DEPLOYMENT_TARGET = 26.0;
				LD_RUNPATH_SEARCH_PATHS = (
					"$(inherited)",
					"@executable_path/Frameworks",
					"@loader_path/Frameworks",
				);
				PRODUCT_BUNDLE_IDENTIFIER = com.junhnam.gpslogger.tests;
				SDKROOT = iphoneos;
				TARGETED_DEVICE_FAMILY = "1,2";
				TEST_HOST = "$(BUILT_PRODUCTS_DIR)/GPSLogger.app/GPSLogger";
			};
			name = Release;
		};
		81BB2B9796021DBDEA80414A /* Debug */ = {
			isa = XCBuildConfiguration;
			buildSettings = {
				ASSETCATALOG_COMPILER_APPICON_NAME = AppIcon;
				ASSETCATALOG_COMPILER_GLOBAL_ACCENT_COLOR_NAME = AccentColor;
				CODE_SIGN_IDENTITY = "iPhone Developer";
				ENABLE_PREVIEWS = YES;
				GENERATE_INFOPLIST_FILE = NO;
				INFOPLIST_FILE = GPSLogger/Resources/Info.plist;
				IPHONEOS_DEPLOYMENT_TARGET = 26.0;
				LD_RUNPATH_SEARCH_PATHS = (
					"$(inherited)",
					"@executable_path/Frameworks",
				);
				PRODUCT_BUNDLE_IDENTIFIER = com.junhnam.gpslogger;
				PRODUCT_NAME = GPSLogger;
				SDKROOT = iphoneos;
				TARGETED_DEVICE_FAMILY = 1;
			};
			name = Debug;
		};
		CB849D24072B658E0FCD4A1F /* Release */ = {
			isa = XCBuildConfiguration;
			buildSettings = {
				ASSETCATALOG_COMPILER_APPICON_NAME = AppIcon;
				ASSETCATALOG_COMPILER_GLOBAL_ACCENT_COLOR_NAME = AccentColor;
				CODE_SIGN_IDENTITY = "iPhone Developer";
				ENABLE_PREVIEWS = YES;
				GENERATE_INFOPLIST_FILE = NO;
				INFOPLIST_FILE = GPSLogger/Resources/Info.plist;
				IPHONEOS_DEPLOYMENT_TARGET = 26.0;
				LD_RUNPATH_SEARCH_PATHS = (
					"$(inherited)",
					"@executable_path/Frameworks",
				);
				PRODUCT_BUNDLE_IDENTIFIER = com.junhnam.gpslogger;
				PRODUCT_NAME = GPSLogger;
				SDKROOT = iphoneos;
				TARGETED_DEVICE_FAMILY = 1;
			};
			name = Release;
		};
		CD196FC5C4B8195670891864 /* Release */ = {
			isa = XCBuildConfiguration;
			buildSettings = {
				ALWAYS_SEARCH_USER_PATHS = NO;
				CLANG_ANALYZER_NONNULL = YES;
				CLANG_ANALYZER_NUMBER_OBJECT_CONVERSION = YES_AGGRESSIVE;
				CLANG_CXX_LANGUAGE_STANDARD = "gnu++14";
				CLANG_CXX_LIBRARY = "libc++";
				CLANG_ENABLE_MODULES = YES;
				CLANG_ENABLE_OBJC_ARC = YES;
				CLANG_ENABLE_OBJC_WEAK = YES;
				CLANG_WARN_BLOCK_CAPTURE_AUTORELEASING = YES;
				CLANG_WARN_BOOL_CONVERSION = YES;
				CLANG_WARN_COMMA = YES;
				CLANG_WARN_CONSTANT_CONVERSION = YES;
				CLANG_WARN_DEPRECATED_OBJC_IMPLEMENTATIONS = YES;
				CLANG_WARN_DIRECT_OBJC_ISA_USAGE = YES_ERROR;
				CLANG_WARN_DOCUMENTATION_COMMENTS = YES;
				CLANG_WARN_EMPTY_BODY = YES;
				CLANG_WARN_ENUM_CONVERSION = YES;
				CLANG_WARN_INFINITE_RECURSION = YES;
				CLANG_WARN_INT_CONVERSION = YES;
				CLANG_WARN_NON_LITERAL_NULL_CONVERSION = YES;
				CLANG_WARN_OBJC_IMPLICIT_RETAIN_SELF = YES;
				CLANG_WARN_OBJC_LITERAL_CONVERSION = YES;
				CLANG_WARN_OBJC_ROOT_CLASS = YES_ERROR;
				CLANG_WARN_QUOTED_INCLUDE_IN_FRAMEWORK_HEADER = YES;
				CLANG_WARN_RANGE_LOOP_ANALYSIS = YES;
				CLANG_WARN_STRICT_PROTOTYPES = YES;
				CLANG_WARN_SUSPICIOUS_MOVE = YES;
				CLANG_WARN_UNGUARDED_AVAILABILITY = YES_AGGRESSIVE;
				CLANG_WARN_UNREACHABLE_CODE = YES;
				CLANG_WARN__DUPLICATE_METHOD_MATCH = YES;
				CODE_SIGN_STYLE = Automatic;
				COPY_PHASE_STRIP = NO;
				CURRENT_PROJECT_VERSION = 1;
				DEBUG_INFORMATION_FORMAT = "dwarf-with-dsym";
				DEVELOPMENT_TEAM = "";
				ENABLE_NS_ASSERTIONS = NO;
				ENABLE_STRICT_OBJC_MSGSEND = YES;
				ENABLE_USER_SCRIPT_SANDBOXING = YES;
				GCC_C_LANGUAGE_STANDARD = gnu11;
				GCC_NO_COMMON_BLOCKS = YES;
				GCC_WARN_64_TO_32_BIT_CONVERSION = YES;
				GCC_WARN_ABOUT_RETURN_TYPE = YES_ERROR;
				GCC_WARN_UNDECLARED_SELECTOR = YES;
				GCC_WARN_UNINITIALIZED_AUTOS = YES_AGGRESSIVE;
				GCC_WARN_UNUSED_FUNCTION = YES;
				GCC_WARN_UNUSED_VARIABLE = YES;
				IPHONEOS_DEPLOYMENT_TARGET = 26.0;
				MARKETING_VERSION = 0.1.0;
				MTL_ENABLE_DEBUG_INFO = NO;
				MTL_FAST_MATH = YES;
				PRODUCT_NAME = "$(TARGET_NAME)";
				SDKROOT = iphoneos;
				SWIFT_COMPILATION_MODE = wholemodule;
				SWIFT_OPTIMIZATION_LEVEL = "-O";
				SWIFT_STRICT_CONCURRENCY = complete;
				SWIFT_VERSION = 6.0;
			};
			name = Release;
		};
/* End XCBuildConfiguration section */

/* Begin XCConfigurationList section */
		3583545B103C02E195E4B614 /* Build configuration list for PBXNativeTarget "GPSLoggerTests" */ = {
			isa = XCConfigurationList;
			buildConfigurations = (
				4C50FF8B68F30CFE39351641 /* Debug */,
				6B101DA49B5FE263DA50FFFA /* Release */,
			);
			defaultConfigurationIsVisible = 0;
			defaultConfigurationName = Debug;
		};
		7E93AE33FD7BF964497F5A79 /* Build configuration list for PBXNativeTarget "GPSLogger" */ = {
			isa = XCConfigurationList;
			buildConfigurations = (
				81BB2B9796021DBDEA80414A /* Debug */,
				CB849D24072B658E0FCD4A1F /* Release */,
			);
			defaultConfigurationIsVisible = 0;
			defaultConfigurationName = Debug;
		};
		A0D0615B8A9DFEAC018CF71A /* Build configuration list for PBXProject "GPSLogger" */ = {
			isa = XCConfigurationList;
			buildConfigurations = (
				57B0CC0A5E482406D38D3058 /* Debug */,
				CD196FC5C4B8195670891864 /* Release */,
			);
			defaultConfigurationIsVisible = 0;
			defaultConfigurationName = Debug;
		};
/* End XCConfigurationList section */

/* Begin XCRemoteSwiftPackageReference section */
		04127DB930AE98FA7B38C9B3 /* XCRemoteSwiftPackageReference "ios-maps-sdk" */ = {
			isa = XCRemoteSwiftPackageReference;
			repositoryURL = "https://github.com/googlemaps/ios-maps-sdk";
			requirement = {
				kind = upToNextMajorVersion;
				minimumVersion = 9.0.0;
			};
		};
/* End XCRemoteSwiftPackageReference section */

/* Begin XCSwiftPackageProductDependency section */
		1E9DA276A4AFB7648716131D /* GoogleMaps */ = {
			isa = XCSwiftPackageProductDependency;
			package = 04127DB930AE98FA7B38C9B3 /* XCRemoteSwiftPackageReference "ios-maps-sdk" */;
			productName = GoogleMaps;
		};
/* End XCSwiftPackageProductDependency section */
	};
	rootObject = C10CC8B85260A2E1573D14E2 /* Project object */;
}
